// !$*UTF8*$!
{
	archiveVersion = 1;
	classes = {
	};
	objectVersion = 110;
	objects = {

/* Begin PBXBuildFile section */
		51A68D45306B2C4700AE6283 /* AppDelegate.swift in Sources */ = {isa = PBXBuildFile; fileRef = 51A68D44306B2C4700AE6283 /* AppDelegate.swift */; };
		51A68D47306B2C4700AE6283 /* SceneDelegate.swift in Sources */ = {isa = PBXBuildFile; fileRef = 51A68D46306B2C4700AE6283 /* SceneDelegate.swift */; };
		51A68D4A306B2C4700AE6283 /* LaunchScreen.storyboard in Resources */ = {isa = PBXBuildFile; fileRef = 51A68D48306B2C4700AE6283 /* LaunchScreen.storyboard */; };
		51A68D4D306B2C4700AE6283 /* Main.storyboard in Resources */ = {isa = PBXBuildFile; fileRef = 51A68D4B306B2C4700AE6283 /* Main.storyboard */; };
		51A68D56306B2C4700AE6283 /* AppDelegate.swift in Sources */ = {isa = PBXBuildFile; fileRef = 51A68D55306B2C4700AE6283 /* AppDelegate.swift */; };
		51A68D59306B2C4700AE6283 /* Main.storyboard in Resources */ = {isa = PBXBuildFile; fileRef = 51A68D57306B2C4700AE6283 /* Main.storyboard */; };
		51A68D60306B2C4700AE6283 /* Real-Debrid Manager Extension.appex in Embed Foundation Extensions */ = {isa = PBXBuildFile; fileRef = 51A68D5F306B2C4700AE6283 /* Real-Debrid Manager Extension.appex */; settings = {ATTRIBUTES = (RemoveHeadersOnCopy, ); }; };
		51A68D6A306B2C4700AE6283 /* Real-Debrid Manager Extension.appex in Embed Foundation Extensions */ = {isa = PBXBuildFile; fileRef = 51A68D69306B2C4700AE6283 /* Real-Debrid Manager Extension.appex */; settings = {ATTRIBUTES = (RemoveHeadersOnCopy, ); }; };
		51A68D6F306B2C4700AE6283 /* Main.html in Resources */ = {isa = PBXBuildFile; fileRef = 51A68D34306B2C4600AE6283 /* Main.html */; };
		51A68D70306B2C4700AE6283 /* Main.html in Resources */ = {isa = PBXBuildFile; fileRef = 51A68D34306B2C4600AE6283 /* Main.html */; };
		51A68D71306B2C4700AE6283 /* Icon.png in Resources */ = {isa = PBXBuildFile; fileRef = 51A68D36306B2C4600AE6283 /* Icon.png */; };
		51A68D72306B2C4700AE6283 /* Icon.png in Resources */ = {isa = PBXBuildFile; fileRef = 51A68D36306B2C4600AE6283 /* Icon.png */; };
		51A68D73306B2C4700AE6283 /* Style.css in Resources */ = {isa = PBXBuildFile; fileRef = 51A68D37306B2C4600AE6283 /* Style.css */; };
		51A68D74306B2C4700AE6283 /* Style.css in Resources */ = {isa = PBXBuildFile; fileRef = 51A68D37306B2C4600AE6283 /* Style.css */; };
		51A68D75306B2C4700AE6283 /* Script.js in Resources */ = {isa = PBXBuildFile; fileRef = 51A68D38306B2C4600AE6283 /* Script.js */; };
		51A68D76306B2C4700AE6283 /* Script.js in Resources */ = {isa = PBXBuildFile; fileRef = 51A68D38306B2C4600AE6283 /* Script.js */; };
		51A68D77306B2C4700AE6283 /* ViewController.swift in Sources */ = {isa = PBXBuildFile; fileRef = 51A68D39306B2C4600AE6283 /* ViewController.swift */; };
		51A68D78306B2C4700AE6283 /* ViewController.swift in Sources */ = {isa = PBXBuildFile; fileRef = 51A68D39306B2C4600AE6283 /* ViewController.swift */; };
		51A68D79306B2C4700AE6283 /* Assets.xcassets in Resources */ = {isa = PBXBuildFile; fileRef = 51A68D3A306B2C4700AE6283 /* Assets.xcassets */; };
		51A68D7A306B2C4700AE6283 /* Assets.xcassets in Resources */ = {isa = PBXBuildFile; fileRef = 51A68D3A306B2C4700AE6283 /* Assets.xcassets */; };
		51A68D7B306B2C4700AE6283 /* SafariWebExtensionHandler.swift in Sources */ = {isa = PBXBuildFile; fileRef = 51A68D3C306B2C4700AE6283 /* SafariWebExtensionHandler.swift */; };
		51A68D7C306B2C4700AE6283 /* SafariWebExtensionHandler.swift in Sources */ = {isa = PBXBuildFile; fileRef = 51A68D3C306B2C4700AE6283 /* SafariWebExtensionHandler.swift */; };
		51A68D96306B2C4700AE6283 /* manager.html in Resources */ = {isa = PBXBuildFile; fileRef = 51A68D8E306B2C4700AE6283 /* manager.html */; };
		51A68D97306B2C4700AE6283 /* background.js in Resources */ = {isa = PBXBuildFile; fileRef = 51A68D8F306B2C4700AE6283 /* background.js */; };
		51A68D98306B2C4700AE6283 /* popup.html in Resources */ = {isa = PBXBuildFile; fileRef = 51A68D90306B2C4700AE6283 /* popup.html */; };
		51A68D99306B2C4700AE6283 /* intercept.js in Resources */ = {isa = PBXBuildFile; fileRef = 51A68D91306B2C4700AE6283 /* intercept.js */; };
		51A68D9A306B2C4700AE6283 /* chunks in Resources */ = {isa = PBXBuildFile; fileRef = 51A68D92306B2C4700AE6283 /* chunks */; };
		51A68D9B306B2C4700AE6283 /* icons in Resources */ = {isa = PBXBuildFile; fileRef = 51A68D93306B2C4700AE6283 /* icons */; };
		51A68D9C306B2C4700AE6283 /* manifest.json in Resources */ = {isa = PBXBuildFile; fileRef = 51A68D94306B2C4700AE6283 /* manifest.json */; };
		51A68D9D306B2C4700AE6283 /* assets in Resources */ = {isa = PBXBuildFile; fileRef = 51A68D95306B2C4700AE6283 /* assets */; };
		51A68D9E306B2C4700AE6283 /* manager.html in Resources */ = {isa = PBXBuildFile; fileRef = 51A68D8E306B2C4700AE6283 /* manager.html */; };
		51A68D9F306B2C4700AE6283 /* background.js in Resources */ = {isa = PBXBuildFile; fileRef = 51A68D8F306B2C4700AE6283 /* background.js */; };
		51A68DA0306B2C4700AE6283 /* popup.html in Resources */ = {isa = PBXBuildFile; fileRef = 51A68D90306B2C4700AE6283 /* popup.html */; };
		51A68DA1306B2C4700AE6283 /* intercept.js in Resources */ = {isa = PBXBuildFile; fileRef = 51A68D91306B2C4700AE6283 /* intercept.js */; };
		51A68DA2306B2C4700AE6283 /* chunks in Resources */ = {isa = PBXBuildFile; fileRef = 51A68D92306B2C4700AE6283 /* chunks */; };
		51A68DA3306B2C4700AE6283 /* icons in Resources */ = {isa = PBXBuildFile; fileRef = 51A68D93306B2C4700AE6283 /* icons */; };
		51A68DA4306B2C4700AE6283 /* manifest.json in Resources */ = {isa = PBXBuildFile; fileRef = 51A68D94306B2C4700AE6283 /* manifest.json */; };
		51A68DA5306B2C4700AE6283 /* assets in Resources */ = {isa = PBXBuildFile; fileRef = 51A68D95306B2C4700AE6283 /* assets */; };
/* End PBXBuildFile section */

/* Begin PBXContainerItemProxy section */
		51A68D61306B2C4700AE6283 /* PBXContainerItemProxy */ = {
			isa = PBXContainerItemProxy;
			containerPortal = 51A68D2E306B2C4600AE6283 /* Project object */;
			proxyType = 1;
			remoteGlobalIDString = 51A68D5E306B2C4700AE6283;
			remoteInfo = "Real-Debrid Manager Extension (iOS)";
		};
		51A68D6B306B2C4700AE6283 /* PBXContainerItemProxy */ = {
			isa = PBXContainerItemProxy;
			containerPortal = 51A68D2E306B2C4600AE6283 /* Project object */;
			proxyType = 1;
			remoteGlobalIDString = 51A68D68306B2C4700AE6283;
			remoteInfo = "Real-Debrid Manager Extension (macOS)";
		};
/* End PBXContainerItemProxy section */

/* Begin PBXCopyFilesBuildPhase section */
		51A68D82306B2C4700AE6283 /* Embed Foundation Extensions */ = {
			isa = PBXCopyFilesBuildPhase;
			dstPath = "";
			dstSubfolder = PlugIns;
			files = (
				51A68D60306B2C4700AE6283 /* Real-Debrid Manager Extension.appex in Embed Foundation Extensions */,
			);
			name = "Embed Foundation Extensions";
		};
		51A68D89306B2C4700AE6283 /* Embed Foundation Extensions */ = {
			isa = PBXCopyFilesBuildPhase;
			dstPath = "";
			dstSubfolder = PlugIns;
			files = (
				51A68D6A306B2C4700AE6283 /* Real-Debrid Manager Extension.appex in Embed Foundation Extensions */,
			);
			name = "Embed Foundation Extensions";
		};
/* End PBXCopyFilesBuildPhase section */

/* Begin PBXFileReference section */
		51A68D35306B2C4600AE6283 /* Base */ = {isa = PBXFileReference; lastKnownFileType = text.html; name = Base; path = Base.lproj/Main.html; sourceTree = "<group>"; };
		51A68D36306B2C4600AE6283 /* Icon.png */ = {isa = PBXFileReference; lastKnownFileType = image.png; path = Icon.png; sourceTree = "<group>"; };
		51A68D37306B2C4600AE6283 /* Style.css */ = {isa = PBXFileReference; lastKnownFileType = text.css; path = Style.css; sourceTree = "<group>"; };
		51A68D38306B2C4600AE6283 /* Script.js */ = {isa = PBXFileReference; lastKnownFileType = sourcecode.javascript; path = Script.js; sourceTree = "<group>"; };
		51A68D39306B2C4600AE6283 /* ViewController.swift */ = {isa = PBXFileReference; lastKnownFileType = sourcecode.swift; path = ViewController.swift; sourceTree = "<group>"; };
		51A68D3A306B2C4700AE6283 /* Assets.xcassets */ = {isa = PBXFileReference; lastKnownFileType = folder.assetcatalog; path = Assets.xcassets; sourceTree = "<group>"; };
		51A68D3C306B2C4700AE6283 /* SafariWebExtensionHandler.swift */ = {isa = PBXFileReference; lastKnownFileType = sourcecode.swift; path = SafariWebExtensionHandler.swift; sourceTree = "<group>"; };
		51A68D41306B2C4700AE6283 /* Real-Debrid Manager.app */ = {isa = PBXFileReference; explicitFileType = wrapper.application; includeInIndex = 0; path = "Real-Debrid Manager.app"; sourceTree = BUILT_PRODUCTS_DIR; };
		51A68D44306B2C4700AE6283 /* AppDelegate.swift */ = {isa = PBXFileReference; lastKnownFileType = sourcecode.swift; path = AppDelegate.swift; sourceTree = "<group>"; };
		51A68D46306B2C4700AE6283 /* SceneDelegate.swift */ = {isa = PBXFileReference; lastKnownFileType = sourcecode.swift; path = SceneDelegate.swift; sourceTree = "<group>"; };
		51A68D49306B2C4700AE6283 /* Base */ = {isa = PBXFileReference; lastKnownFileType = file.storyboard; name = Base; path = Base.lproj/LaunchScreen.storyboard; sourceTree = "<group>"; };
		51A68D4C306B2C4700AE6283 /* Base */ = {isa = PBXFileReference; lastKnownFileType = file.storyboard; name = Base; path = Base.lproj/Main.storyboard; sourceTree = "<group>"; };
		51A68D4E306B2C4700AE6283 /* Info.plist */ = {isa = PBXFileReference; lastKnownFileType = text.plist.xml; path = Info.plist; sourceTree = "<group>"; };
		51A68D53306B2C4700AE6283 /* Real-Debrid Manager.app */ = {isa = PBXFileReference; explicitFileType = wrapper.application; includeInIndex = 0; path = "Real-Debrid Manager.app"; sourceTree = BUILT_PRODUCTS_DIR; };
		51A68D55306B2C4700AE6283 /* AppDelegate.swift */ = {isa = PBXFileReference; lastKnownFileType = sourcecode.swift; path = AppDelegate.swift; sourceTree = "<group>"; };
		51A68D58306B2C4700AE6283 /* Base */ = {isa = PBXFileReference; lastKnownFileType = file.storyboard; name = Base; path = Base.lproj/Main.storyboard; sourceTree = "<group>"; };
		51A68D5A306B2C4700AE6283 /* Info.plist */ = {isa = PBXFileReference; lastKnownFileType = text.plist.xml; path = Info.plist; sourceTree = "<group>"; };
		51A68D5F306B2C4700AE6283 /* Real-Debrid Manager Extension.appex */ = {isa = PBXFileReference; explicitFileType = "wrapper.app-extension"; includeInIndex = 0; path = "Real-Debrid Manager Extension.appex"; sourceTree = BUILT_PRODUCTS_DIR; };
		51A68D64306B2C4700AE6283 /* Info.plist */ = {isa = PBXFileReference; lastKnownFileType = text.plist.xml; path = Info.plist; sourceTree = "<group>"; };
		51A68D69306B2C4700AE6283 /* Real-Debrid Manager Extension.appex */ = {isa = PBXFileReference; explicitFileType = "wrapper.app-extension"; includeInIndex = 0; path = "Real-Debrid Manager Extension.appex"; sourceTree = BUILT_PRODUCTS_DIR; };
		51A68D6E306B2C4700AE6283 /* Info.plist */ = {isa = PBXFileReference; lastKnownFileType = text.plist.xml; path = Info.plist; sourceTree = "<group>"; };
		51A68D8E306B2C4700AE6283 /* manager.html */ = {isa = PBXFileReference; lastKnownFileType = text.html; name = manager.html; path = "../../../.output/safari-mv3/manager.html"; sourceTree = "<group>"; };
		51A68D8F306B2C4700AE6283 /* background.js */ = {isa = PBXFileReference; lastKnownFileType = sourcecode.javascript; name = background.js; path = "../../../.output/safari-mv3/background.js"; sourceTree = "<group>"; };
		51A68D90306B2C4700AE6283 /* popup.html */ = {isa = PBXFileReference; lastKnownFileType = text.html; name = popup.html; path = "../../../.output/safari-mv3/popup.html"; sourceTree = "<group>"; };
		51A68D91306B2C4700AE6283 /* intercept.js */ = {isa = PBXFileReference; lastKnownFileType = sourcecode.javascript; name = intercept.js; path = "../../../.output/safari-mv3/intercept.js"; sourceTree = "<group>"; };
		51A68D92306B2C4700AE6283 /* chunks */ = {isa = PBXFileReference; lastKnownFileType = folder; name = chunks; path = "../../../.output/safari-mv3/chunks"; sourceTree = "<group>"; };
		51A68D93306B2C4700AE6283 /* icons */ = {isa = PBXFileReference; lastKnownFileType = folder; name = icons; path = "../../../.output/safari-mv3/icons"; sourceTree = "<group>"; };
		51A68D94306B2C4700AE6283 /* manifest.json */ = {isa = PBXFileReference; lastKnownFileType = text.json; name = manifest.json; path = "../../../.output/safari-mv3/manifest.json"; sourceTree = "<group>"; };
		51A68D95306B2C4700AE6283 /* assets */ = {isa = PBXFileReference; lastKnownFileType = folder; name = assets; path = "../../../.output/safari-mv3/assets"; sourceTree = "<group>"; };
/* End PBXFileReference section */

/* Begin PBXFrameworksBuildPhase section */
		51A68D3E306B2C4700AE6283 /* Frameworks */ = {
			isa = PBXFrameworksBuildPhase;
			files = (
			);
		};
		51A68D50306B2C4700AE6283 /* Frameworks */ = {
			isa = PBXFrameworksBuildPhase;
			files = (
			);
		};
		51A68D5C306B2C4700AE6283 /* Frameworks */ = {
			isa = PBXFrameworksBuildPhase;
			files = (
			);
		};
		51A68D66306B2C4700AE6283 /* Frameworks */ = {
			isa = PBXFrameworksBuildPhase;
			files = (
			);
		};
/* End PBXFrameworksBuildPhase section */

/* Begin PBXGroup section */
		51A68D2D306B2C4600AE6283 = {
			isa = PBXGroup;
			children = (
				51A68D32306B2C4600AE6283 /* Shared (App) */,
				51A68D3B306B2C4700AE6283 /* Shared (Extension) */,
				51A68D43306B2C4700AE6283 /* iOS (App) */,
				51A68D54306B2C4700AE6283 /* macOS (App) */,
				51A68D63306B2C4700AE6283 /* iOS (Extension) */,
				51A68D6D306B2C4700AE6283 /* macOS (Extension) */,
				51A68D42306B2C4700AE6283 /* Products */,
			);
			sourceTree = "<group>";
		};
		51A68D32306B2C4600AE6283 /* Shared (App) */ = {
			isa = PBXGroup;
			children = (
				51A68D39306B2C4600AE6283 /* ViewController.swift */,
				51A68D3A306B2C4700AE6283 /* Assets.xcassets */,
				51A68D33306B2C4600AE6283 /* Resources */,
			);
			path = "Shared (App)";
			sourceTree = "<group>";
		};
		51A68D33306B2C4600AE6283 /* Resources */ = {
			isa = PBXGroup;
			children = (
				51A68D34306B2C4600AE6283 /* Main.html */,
				51A68D36306B2C4600AE6283 /* Icon.png */,
				51A68D37306B2C4600AE6283 /* Style.css */,
				51A68D38306B2C4600AE6283 /* Script.js */,
			);
			path = Resources;
			sourceTree = "<group>";
		};
		51A68D3B306B2C4700AE6283 /* Shared (Extension) */ = {
			isa = PBXGroup;
			children = (
				51A68D8D306B2C4700AE6283 /* Resources */,
				51A68D3C306B2C4700AE6283 /* SafariWebExtensionHandler.swift */,
			);
			path = "Shared (Extension)";
			sourceTree = "<group>";
		};
		51A68D42306B2C4700AE6283 /* Products */ = {
			isa = PBXGroup;
			children = (
				51A68D41306B2C4700AE6283 /* Real-Debrid Manager.app */,
				51A68D53306B2C4700AE6283 /* Real-Debrid Manager.app */,
				51A68D5F306B2C4700AE6283 /* Real-Debrid Manager Extension.appex */,
				51A68D69306B2C4700AE6283 /* Real-Debrid Manager Extension.appex */,
			);
			name = Products;
			sourceTree = "<group>";
		};
		51A68D43306B2C4700AE6283 /* iOS (App) */ = {
			isa = PBXGroup;
			children = (
				51A68D44306B2C4700AE6283 /* AppDelegate.swift */,
				51A68D46306B2C4700AE6283 /* SceneDelegate.swift */,
				51A68D48306B2C4700AE6283 /* LaunchScreen.storyboard */,
				51A68D4B306B2C4700AE6283 /* Main.storyboard */,
				51A68D4E306B2C4700AE6283 /* Info.plist */,
			);
			path = "iOS (App)";
			sourceTree = "<group>";
		};
		51A68D54306B2C4700AE6283 /* macOS (App) */ = {
			isa = PBXGroup;
			children = (
				51A68D55306B2C4700AE6283 /* AppDelegate.swift */,
				51A68D57306B2C4700AE6283 /* Main.storyboard */,
				51A68D5A306B2C4700AE6283 /* Info.plist */,
			);
			path = "macOS (App)";
			sourceTree = "<group>";
		};
		51A68D63306B2C4700AE6283 /* iOS (Extension) */ = {
			isa = PBXGroup;
			children = (
				51A68D64306B2C4700AE6283 /* Info.plist */,
			);
			path = "iOS (Extension)";
			sourceTree = "<group>";
		};
		51A68D6D306B2C4700AE6283 /* macOS (Extension) */ = {
			isa = PBXGroup;
			children = (
				51A68D6E306B2C4700AE6283 /* Info.plist */,
			);
			path = "macOS (Extension)";
			sourceTree = "<group>";
		};
		51A68D8D306B2C4700AE6283 /* Resources */ = {
			isa = PBXGroup;
			children = (
				51A68D8E306B2C4700AE6283 /* manager.html */,
				51A68D8F306B2C4700AE6283 /* background.js */,
				51A68D90306B2C4700AE6283 /* popup.html */,
				51A68D91306B2C4700AE6283 /* intercept.js */,
				51A68D92306B2C4700AE6283 /* chunks */,
				51A68D93306B2C4700AE6283 /* icons */,
				51A68D94306B2C4700AE6283 /* manifest.json */,
				51A68D95306B2C4700AE6283 /* assets */,
			);
			name = Resources;
			path = "Shared (Extension)";
			sourceTree = SOURCE_ROOT;
		};
/* End PBXGroup section */

/* Begin PBXNativeTarget section */
		51A68D40306B2C4700AE6283 /* Real-Debrid Manager (iOS) */ = {
			isa = PBXNativeTarget;
			buildConfigurationList = 51A68D83306B2C4700AE6283 /* Build configuration list for PBXNativeTarget "Real-Debrid Manager (iOS)" */;
			buildPhases = (
				51A68D3D306B2C4700AE6283 /* Sources */,
				51A68D3E306B2C4700AE6283 /* Frameworks */,
				51A68D3F306B2C4700AE6283 /* Resources */,
				51A68D82306B2C4700AE6283 /* Embed Foundation Extensions */,
			);
			buildRules = (
			);
			dependencies = (
				51A68D62306B2C4700AE6283 /* PBXTargetDependency */,
			);
			name = "Real-Debrid Manager (iOS)";
			productName = "Real-Debrid Manager (iOS)";
			productReference = 51A68D41306B2C4700AE6283 /* Real-Debrid Manager.app */;
			productType = "com.apple.product-type.application";
		};
		51A68D52306B2C4700AE6283 /* Real-Debrid Manager (macOS) */ = {
			isa = PBXNativeTarget;
			buildConfigurationList = 51A68D8A306B2C4700AE6283 /* Build configuration list for PBXNativeTarget "Real-Debrid Manager (macOS)" */;
			buildPhases = (
				51A68D4F306B2C4700AE6283 /* Sources */,
				51A68D50306B2C4700AE6283 /* Frameworks */,
				51A68D51306B2C4700AE6283 /* Resources */,
				51A68D89306B2C4700AE6283 /* Embed Foundation Extensions */,
			);
			buildRules = (
			);
			dependencies = (
				51A68D6C306B2C4700AE6283 /* PBXTargetDependency */,
			);
			name = "Real-Debrid Manager (macOS)";
			productName = "Real-Debrid Manager (macOS)";
			productReference = 51A68D53306B2C4700AE6283 /* Real-Debrid Manager.app */;
			productType = "com.apple.product-type.application";
		};
		51A68D5E306B2C4700AE6283 /* Real-Debrid Manager Extension (iOS) */ = {
			isa = PBXNativeTarget;
			buildConfigurationList = 51A68D7F306B2C4700AE6283 /* Build configuration list for PBXNativeTarget "Real-Debrid Manager Extension (iOS)" */;
			buildPhases = (
				51A68D5B306B2C4700AE6283 /* Sources */,
				51A68D5C306B2C4700AE6283 /* Frameworks */,
				51A68D5D306B2C4700AE6283 /* Resources */,
			);
			buildRules = (
			);
			name = "Real-Debrid Manager Extension (iOS)";
			productName = "Real-Debrid Manager Extension (iOS)";
			productReference = 51A68D5F306B2C4700AE6283 /* Real-Debrid Manager Extension.appex */;
			productType = "com.apple.product-type.app-extension";
		};
		51A68D68306B2C4700AE6283 /* Real-Debrid Manager Extension (macOS) */ = {
			isa = PBXNativeTarget;
			buildConfigurationList = 51A68D86306B2C4700AE6283 /* Build configuration list for PBXNativeTarget "Real-Debrid Manager Extension (macOS)" */;
			buildPhases = (
				51A68D65306B2C4700AE6283 /* Sources */,
				51A68D66306B2C4700AE6283 /* Frameworks */,
				51A68D67306B2C4700AE6283 /* Resources */,
			);
			buildRules = (
			);
			name = "Real-Debrid Manager Extension (macOS)";
			productName = "Real-Debrid Manager Extension (macOS)";
			productReference = 51A68D69306B2C4700AE6283 /* Real-Debrid Manager Extension.appex */;
			productType = "com.apple.product-type.app-extension";
		};
/* End PBXNativeTarget section */

/* Begin PBXProject section */
		51A68D2E306B2C4600AE6283 /* Project object */ = {
			isa = PBXProject;
			attributes = {
				BuildIndependentTargetsInParallel = 1;
				LastSwiftUpdateCheck = 2700;
				LastUpgradeCheck = 2700;
				TargetAttributes = {
					51A68D40306B2C4700AE6283 = {
						CreatedOnToolsVersion = 27.0;
					};
					51A68D52306B2C4700AE6283 = {
						CreatedOnToolsVersion = 27.0;
					};
					51A68D5E306B2C4700AE6283 = {
						CreatedOnToolsVersion = 27.0;
					};
					51A68D68306B2C4700AE6283 = {
						CreatedOnToolsVersion = 27.0;
					};
				};
			};
			buildConfigurationList = 51A68D31306B2C4600AE6283 /* Build configuration list for PBXProject "Real-Debrid Manager" */;
			developmentRegion = en;
			hasScannedForEncodings = 0;
			knownRegions = (
				en,
				Base,
			);
			mainGroup = 51A68D2D306B2C4600AE6283;
			minimizedProjectReferenceProxies = 1;
			preferredProjectObjectVersion = 77;
			productRefGroup = 51A68D42306B2C4700AE6283 /* Products */;
			projectDirPath = "";
			projectRoot = "";
			targets = (
				51A68D40306B2C4700AE6283 /* Real-Debrid Manager (iOS) */,
				51A68D52306B2C4700AE6283 /* Real-Debrid Manager (macOS) */,
				51A68D5E306B2C4700AE6283 /* Real-Debrid Manager Extension (iOS) */,
				51A68D68306B2C4700AE6283 /* Real-Debrid Manager Extension (macOS) */,
			);
		};
/* End PBXProject section */

/* Begin PBXResourcesBuildPhase section */
		51A68D3F306B2C4700AE6283 /* Resources */ = {
			isa = PBXResourcesBuildPhase;
			files = (
				51A68D71306B2C4700AE6283 /* Icon.png in Resources */,
				51A68D4A306B2C4700AE6283 /* LaunchScreen.storyboard in Resources */,
				51A68D6F306B2C4700AE6283 /* Main.html in Resources */,
				51A68D75306B2C4700AE6283 /* Script.js in Resources */,
				51A68D79306B2C4700AE6283 /* Assets.xcassets in Resources */,
				51A68D4D306B2C4700AE6283 /* Main.storyboard in Resources */,
				51A68D73306B2C4700AE6283 /* Style.css in Resources */,
			);
		};
		51A68D51306B2C4700AE6283 /* Resources */ = {
			isa = PBXResourcesBuildPhase;
			files = (
				51A68D72306B2C4700AE6283 /* Icon.png in Resources */,
				51A68D74306B2C4700AE6283 /* Style.css in Resources */,
				51A68D59306B2C4700AE6283 /* Main.storyboard in Resources */,
				51A68D76306B2C4700AE6283 /* Script.js in Resources */,
				51A68D7A306B2C4700AE6283 /* Assets.xcassets in Resources */,
				51A68D70306B2C4700AE6283 /* Main.html in Resources */,
			);
		};
		51A68D5D306B2C4700AE6283 /* Resources */ = {
			isa = PBXResourcesBuildPhase;
			files = (
				51A68DA2306B2C4700AE6283 /* chunks in Resources */,
				51A68DA5306B2C4700AE6283 /* assets in Resources */,
				51A68DA4306B2C4700AE6283 /* manifest.json in Resources */,
				51A68D9F306B2C4700AE6283 /* background.js in Resources */,
				51A68DA1306B2C4700AE6283 /* intercept.js in Resources */,
				51A68DA3306B2C4700AE6283 /* icons in Resources */,
				51A68DA0306B2C4700AE6283 /* popup.html in Resources */,
				51A68D9E306B2C4700AE6283 /* manager.html in Resources */,
			);
		};
		51A68D67306B2C4700AE6283 /* Resources */ = {
			isa = PBXResourcesBuildPhase;
			files = (
				51A68D9A306B2C4700AE6283 /* chunks in Resources */,
				51A68D9D306B2C4700AE6283 /* assets in Resources */,
				51A68D9C306B2C4700AE6283 /* manifest.json in Resources */,
				51A68D97306B2C4700AE6283 /* background.js in Resources */,
				51A68D99306B2C4700AE6283 /* intercept.js in Resources */,
				51A68D9B306B2C4700AE6283 /* icons in Resources */,
				51A68D98306B2C4700AE6283 /* popup.html in Resources */,
				51A68D96306B2C4700AE6283 /* manager.html in Resources */,
			);
		};
/* End PBXResourcesBuildPhase section */

/* Begin PBXSourcesBuildPhase section */
		51A68D3D306B2C4700AE6283 /* Sources */ = {
			isa = PBXSourcesBuildPhase;
			files = (
				51A68D77306B2C4700AE6283 /* ViewController.swift in Sources */,
				51A68D45306B2C4700AE6283 /* AppDelegate.swift in Sources */,
				51A68D47306B2C4700AE6283 /* SceneDelegate.swift in Sources */,
			);
		};
		51A68D4F306B2C4700AE6283 /* Sources */ = {
			isa = PBXSourcesBuildPhase;
			files = (
				51A68D78306B2C4700AE6283 /* ViewController.swift in Sources */,
				51A68D56306B2C4700AE6283 /* AppDelegate.swift in Sources */,
			);
		};
		51A68D5B306B2C4700AE6283 /* Sources */ = {
			isa = PBXSourcesBuildPhase;
			files = (
				51A68D7B306B2C4700AE6283 /* SafariWebExtensionHandler.swift in Sources */,
			);
		};
		51A68D65306B2C4700AE6283 /* Sources */ = {
			isa = PBXSourcesBuildPhase;
			files = (
				51A68D7C306B2C4700AE6283 /* SafariWebExtensionHandler.swift in Sources */,
			);
		};
/* End PBXSourcesBuildPhase section */

/* Begin PBXTargetDependency section */
		51A68D62306B2C4700AE6283 /* PBXTargetDependency */ = {
			isa = PBXTargetDependency;
			target = 51A68D5E306B2C4700AE6283 /* Real-Debrid Manager Extension (iOS) */;
			targetProxy = 51A68D61306B2C4700AE6283 /* PBXContainerItemProxy */;
		};
		51A68D6C306B2C4700AE6283 /* PBXTargetDependency */ = {
			isa = PBXTargetDependency;
			target = 51A68D68306B2C4700AE6283 /* Real-Debrid Manager Extension (macOS) */;
			targetProxy = 51A68D6B306B2C4700AE6283 /* PBXContainerItemProxy */;
		};
/* End PBXTargetDependency section */

/* Begin PBXVariantGroup section */
		51A68D34306B2C4600AE6283 /* Main.html */ = {
			isa = PBXVariantGroup;
			children = (
				51A68D35306B2C4600AE6283 /* Base */,
			);
			name = Main.html;
			sourceTree = "<group>";
		};
		51A68D48306B2C4700AE6283 /* LaunchScreen.storyboard */ = {
			isa = PBXVariantGroup;
			children = (
				51A68D49306B2C4700AE6283 /* Base */,
			);
			name = LaunchScreen.storyboard;
			sourceTree = "<group>";
		};
		51A68D4B306B2C4700AE6283 /* Main.storyboard */ = {
			isa = PBXVariantGroup;
			children = (
				51A68D4C306B2C4700AE6283 /* Base */,
			);
			name = Main.storyboard;
			sourceTree = "<group>";
		};
		51A68D57306B2C4700AE6283 /* Main.storyboard */ = {
			isa = PBXVariantGroup;
			children = (
				51A68D58306B2C4700AE6283 /* Base */,
			);
			name = Main.storyboard;
			sourceTree = "<group>";
		};
/* End PBXVariantGroup section */

/* Begin XCBuildConfiguration section */
		51A68D7D306B2C4700AE6283 /* Debug configuration for PBXProject "Real-Debrid Manager" */ = {
			isa = XCBuildConfiguration;
			buildSettings = {
				ALWAYS_SEARCH_USER_PATHS = NO;
				ASSETCATALOG_COMPILER_GENERATE_SWIFT_ASSET_SYMBOL_EXTENSIONS = YES;
				CLANG_ANALYZER_NONNULL = YES;
				CLANG_ANALYZER_NUMBER_OBJECT_CONVERSION = YES_AGGRESSIVE;
				CLANG_CXX_LANGUAGE_STANDARD = "gnu++20";
				CLANG_ENABLE_MODULES = YES;
				CLANG_ENABLE_OBJC_ARC = YES;
				CLANG_ENABLE_OBJC_WEAK = YES;
				CLANG_WARN_BLOCK_CAPTURE_AUTORELEASING = YES;
				CLANG_WARN_BOOL_CONVERSION = YES;
				CLANG_WARN_COMMA = YES;
				CLANG_WARN_CONSTANT_CONVERSION = YES;
				CLANG_WARN_DEPRECATED_OBJC_IMPLEMENTATIONS = YES;
				CLANG_WARN_DIRECT_OBJC_ISA_USAGE = YES_ERROR;
				CLANG_WARN_DOCUMENTATION_COMMENTS = YES;
				CLANG_WARN_EMPTY_BODY = YES;
				CLANG_WARN_ENUM_CONVERSION = YES;
				CLANG_WARN_INFINITE_RECURSION = YES;
				CLANG_WARN_INT_CONVERSION = YES;
				CLANG_WARN_NON_LITERAL_NULL_CONVERSION = YES;
				CLANG_WARN_OBJC_IMPLICIT_RETAIN_SELF = YES;
				CLANG_WARN_OBJC_LITERAL_CONVERSION = YES;
				CLANG_WARN_OBJC_ROOT_CLASS = YES_ERROR;
				CLANG_WARN_QUOTED_INCLUDE_IN_FRAMEWORK_HEADER = YES;
				CLANG_WARN_RANGE_LOOP_ANALYSIS = YES;
				CLANG_WARN_STRICT_PROTOTYPES = YES;
				CLANG_WARN_SUSPICIOUS_MOVE = YES;
				CLANG_WARN_UNGUARDED_AVAILABILITY = YES_AGGRESSIVE;
				CLANG_WARN_UNREACHABLE_CODE = YES;
				CLANG_WARN__DUPLICATE_METHOD_MATCH = YES;
				COPY_PHASE_STRIP = NO;
				DEBUG_INFORMATION_FORMAT = dwarf;
				ENABLE_STRICT_OBJC_MSGSEND = YES;
				ENABLE_TESTABILITY = YES;
				ENABLE_USER_SCRIPT_SANDBOXING = YES;
				GCC_C_LANGUAGE_STANDARD = gnu17;
				GCC_DYNAMIC_NO_PIC = NO;
				GCC_NO_COMMON_BLOCKS = YES;
				GCC_OPTIMIZATION_LEVEL = 0;
				GCC_PREPROCESSOR_DEFINITIONS = (
					"DEBUG=1",
					"$(inherited)",
				);
				GCC_WARN_64_TO_32_BIT_CONVERSION = YES;
				GCC_WARN_ABOUT_RETURN_TYPE = YES_ERROR;
				GCC_WARN_UNDECLARED_SELECTOR = YES;
				GCC_WARN_UNINITIALIZED_AUTOS = YES_AGGRESSIVE;
				GCC_WARN_UNUSED_FUNCTION = YES;
				GCC_WARN_UNUSED_VARIABLE = YES;
				LOCALIZATION_PREFERS_STRING_CATALOGS = YES;
				MTL_ENABLE_DEBUG_INFO = INCLUDE_SOURCE;
				MTL_FAST_MATH = YES;
				ONLY_ACTIVE_ARCH = YES;
				SWIFT_ACTIVE_COMPILATION_CONDITIONS = "DEBUG $(inherited)";
				SWIFT_OPTIMIZATION_LEVEL = "-Onone";
			};
			name = Debug;
		};
		51A68D7E306B2C4700AE6283 /* Release configuration for PBXProject "Real-Debrid Manager" */ = {
			isa = XCBuildConfiguration;
			buildSettings = {
				ALWAYS_SEARCH_USER_PATHS = NO;
				ASSETCATALOG_COMPILER_GENERATE_SWIFT_ASSET_SYMBOL_EXTENSIONS = YES;
				CLANG_ANALYZER_NONNULL = YES;
				CLANG_ANALYZER_NUMBER_OBJECT_CONVERSION = YES_AGGRESSIVE;
				CLANG_CXX_LANGUAGE_STANDARD = "gnu++20";
				CLANG_ENABLE_MODULES = YES;
				CLANG_ENABLE_OBJC_ARC = YES;
				CLANG_ENABLE_OBJC_WEAK = YES;
				CLANG_WARN_BLOCK_CAPTURE_AUTORELEASING = YES;
				CLANG_WARN_BOOL_CONVERSION = YES;
				CLANG_WARN_COMMA = YES;
				CLANG_WARN_CONSTANT_CONVERSION = YES;
				CLANG_WARN_DEPRECATED_OBJC_IMPLEMENTATIONS = YES;
				CLANG_WARN_DIRECT_OBJC_ISA_USAGE = YES_ERROR;
				CLANG_WARN_DOCUMENTATION_COMMENTS = YES;
				CLANG_WARN_EMPTY_BODY = YES;
				CLANG_WARN_ENUM_CONVERSION = YES;
				CLANG_WARN_INFINITE_RECURSION = YES;
				CLANG_WARN_INT_CONVERSION = YES;
				CLANG_WARN_NON_LITERAL_NULL_CONVERSION = YES;
				CLANG_WARN_OBJC_IMPLICIT_RETAIN_SELF = YES;
				CLANG_WARN_OBJC_LITERAL_CONVERSION = YES;
				CLANG_WARN_OBJC_ROOT_CLASS = YES_ERROR;
				CLANG_WARN_QUOTED_INCLUDE_IN_FRAMEWORK_HEADER = YES;
				CLANG_WARN_RANGE_LOOP_ANALYSIS = YES;
				CLANG_WARN_STRICT_PROTOTYPES = YES;
				CLANG_WARN_SUSPICIOUS_MOVE = YES;
				CLANG_WARN_UNGUARDED_AVAILABILITY = YES_AGGRESSIVE;
				CLANG_WARN_UNREACHABLE_CODE = YES;
				CLANG_WARN__DUPLICATE_METHOD_MATCH = YES;
				COPY_PHASE_STRIP = NO;
				DEBUG_INFORMATION_FORMAT = "dwarf-with-dsym";
				ENABLE_NS_ASSERTIONS = NO;
				ENABLE_STRICT_OBJC_MSGSEND = YES;
				ENABLE_USER_SCRIPT_SANDBOXING = YES;
				GCC_C_LANGUAGE_STANDARD = gnu17;
				GCC_NO_COMMON_BLOCKS = YES;
				GCC_WARN_64_TO_32_BIT_CONVERSION = YES;
				GCC_WARN_ABOUT_RETURN_TYPE = YES_ERROR;
				GCC_WARN_UNDECLARED_SELECTOR = YES;
				GCC_WARN_UNINITIALIZED_AUTOS = YES_AGGRESSIVE;
				GCC_WARN_UNUSED_FUNCTION = YES;
				GCC_WARN_UNUSED_VARIABLE = YES;
				LOCALIZATION_PREFERS_STRING_CATALOGS = YES;
				MTL_ENABLE_DEBUG_INFO = NO;
				MTL_FAST_MATH = YES;
				SWIFT_COMPILATION_MODE = wholemodule;
			};
			name = Release;
		};
		51A68D80306B2C4700AE6283 /* Debug configuration for PBXNativeTarget "Real-Debrid Manager Extension (iOS)" */ = {
			isa = XCBuildConfiguration;
			buildSettings = {
				CODE_SIGN_STYLE = Automatic;
				CURRENT_PROJECT_VERSION = 1;
				GENERATE_INFOPLIST_FILE = YES;
				INFOPLIST_FILE = "iOS (Extension)/Info.plist";
				INFOPLIST_KEY_CFBundleDisplayName = "Real-Debrid Manager Extension";
				INFOPLIST_KEY_NSHumanReadableCopyright = "";
				IPHONEOS_DEPLOYMENT_TARGET = 15.0;
				LD_RUNPATH_SEARCH_PATHS = (
					"$(inherited)",
					"@executable_path/Frameworks",
					"@executable_path/../../Frameworks",
				);
				MARKETING_VERSION = 1.0;
				OTHER_LDFLAGS = (
					"-framework",
					SafariServices,
				);
				PRODUCT_BUNDLE_IDENTIFIER = "com.meshal.real-debrid-manager.Extension";
				PRODUCT_NAME = "Real-Debrid Manager Extension";
				SDKROOT = iphoneos;
				SKIP_INSTALL = YES;
				STRING_CATALOG_GENERATE_SYMBOLS = YES;
				SWIFT_APPROACHABLE_CONCURRENCY = YES;
				SWIFT_EMIT_LOC_STRINGS = YES;
				SWIFT_UPCOMING_FEATURE_MEMBER_IMPORT_VISIBILITY = YES;
				SWIFT_VERSION = 5.0;
				TARGETED_DEVICE_FAMILY = "1,2";
			};
			name = Debug;
		};
		51A68D81306B2C4700AE6283 /* Release configuration for PBXNativeTarget "Real-Debrid Manager Extension (iOS)" */ = {
			isa = XCBuildConfiguration;
			buildSettings = {
				CODE_SIGN_STYLE = Automatic;
				CURRENT_PROJECT_VERSION = 1;
				GENERATE_INFOPLIST_FILE = YES;
				INFOPLIST_FILE = "iOS (Extension)/Info.plist";
				INFOPLIST_KEY_CFBundleDisplayName = "Real-Debrid Manager Extension";
				INFOPLIST_KEY_NSHumanReadableCopyright = "";
				IPHONEOS_DEPLOYMENT_TARGET = 15.0;
				LD_RUNPATH_SEARCH_PATHS = (
					"$(inherited)",
					"@executable_path/Frameworks",
					"@executable_path/../../Frameworks",
				);
				MARKETING_VERSION = 1.0;
				OTHER_LDFLAGS = (
					"-framework",
					SafariServices,
				);
				PRODUCT_BUNDLE_IDENTIFIER = "com.meshal.real-debrid-manager.Extension";
				PRODUCT_NAME = "Real-Debrid Manager Extension";
				SDKROOT = iphoneos;
				SKIP_INSTALL = YES;
				STRING_CATALOG_GENERATE_SYMBOLS = YES;
				SWIFT_APPROACHABLE_CONCURRENCY = YES;
				SWIFT_EMIT_LOC_STRINGS = YES;
				SWIFT_UPCOMING_FEATURE_MEMBER_IMPORT_VISIBILITY = YES;
				SWIFT_VERSION = 5.0;
				TARGETED_DEVICE_FAMILY = "1,2";
				VALIDATE_PRODUCT = YES;
			};
			name = Release;
		};
		51A68D84306B2C4700AE6283 /* Debug configuration for PBXNativeTarget "Real-Debrid Manager (iOS)" */ = {
			isa = XCBuildConfiguration;
			buildSettings = {
				ASSETCATALOG_COMPILER_APPICON_NAME = AppIcon;
				ASSETCATALOG_COMPILER_GLOBAL_ACCENT_COLOR_NAME = AccentColor;
				CODE_SIGN_STYLE = Automatic;
				CURRENT_PROJECT_VERSION = 1;
				GENERATE_INFOPLIST_FILE = YES;
				INFOPLIST_FILE = "iOS (App)/Info.plist";
				INFOPLIST_KEY_CFBundleDisplayName = "Real-Debrid Manager";
				INFOPLIST_KEY_UIApplicationSupportsIndirectInputEvents = YES;
				INFOPLIST_KEY_UILaunchStoryboardName = LaunchScreen;
				INFOPLIST_KEY_UIMainStoryboardFile = Main;
				INFOPLIST_KEY_UISupportedInterfaceOrientations = "UIInterfaceOrientationPortrait UIInterfaceOrientationLandscapeLeft UIInterfaceOrientationLandscapeRight";
				INFOPLIST_KEY_UISupportedInterfaceOrientations_iPad = "UIInterfaceOrientationPortrait UIInterfaceOrientationPortraitUpsideDown UIInterfaceOrientationLandscapeLeft UIInterfaceOrientationLandscapeRight";
				IPHONEOS_DEPLOYMENT_TARGET = 17.0;
				LD_RUNPATH_SEARCH_PATHS = (
					"$(inherited)",
					"@executable_path/Frameworks",
				);
				MARKETING_VERSION = 1.0;
				OTHER_LDFLAGS = (
					"-framework",
					SafariServices,
					"-framework",
					WebKit,
				);
				PRODUCT_BUNDLE_IDENTIFIER = "com.meshal.real-debrid-manager";
				PRODUCT_NAME = "Real-Debrid Manager";
				SDKROOT = iphoneos;
				STRING_CATALOG_GENERATE_SYMBOLS = YES;
				SWIFT_APPROACHABLE_CONCURRENCY = YES;
				SWIFT_DEFAULT_ACTOR_ISOLATION = MainActor;
				SWIFT_EMIT_LOC_STRINGS = YES;
				SWIFT_UPCOMING_FEATURE_MEMBER_IMPORT_VISIBILITY = YES;
				SWIFT_VERSION = 5.0;
				TARGETED_DEVICE_FAMILY = "1,2";
			};
			name = Debug;
		};
		51A68D85306B2C4700AE6283 /* Release configuration for PBXNativeTarget "Real-Debrid Manager (iOS)" */ = {
			isa = XCBuildConfiguration;
			buildSettings = {
				ASSETCATALOG_COMPILER_APPICON_NAME = AppIcon;
				ASSETCATALOG_COMPILER_GLOBAL_ACCENT_COLOR_NAME = AccentColor;
				CODE_SIGN_STYLE = Automatic;
				CURRENT_PROJECT_VERSION = 1;
				GENERATE_INFOPLIST_FILE = YES;
				INFOPLIST_FILE = "iOS (App)/Info.plist";
				INFOPLIST_KEY_CFBundleDisplayName = "Real-Debrid Manager";
				INFOPLIST_KEY_UIApplicationSupportsIndirectInputEvents = YES;
				INFOPLIST_KEY_UILaunchStoryboardName = LaunchScreen;
				INFOPLIST_KEY_UIMainStoryboardFile = Main;
				INFOPLIST_KEY_UISupportedInterfaceOrientations = "UIInterfaceOrientationPortrait UIInterfaceOrientationLandscapeLeft UIInterfaceOrientationLandscapeRight";
				INFOPLIST_KEY_UISupportedInterfaceOrientations_iPad = "UIInterfaceOrientationPortrait UIInterfaceOrientationPortraitUpsideDown UIInterfaceOrientationLandscapeLeft UIInterfaceOrientationLandscapeRight";
				IPHONEOS_DEPLOYMENT_TARGET = 17.0;
				LD_RUNPATH_SEARCH_PATHS = (
					"$(inherited)",
					"@executable_path/Frameworks",
				);
				MARKETING_VERSION = 1.0;
				OTHER_LDFLAGS = (
					"-framework",
					SafariServices,
					"-framework",
					WebKit,
				);
				PRODUCT_BUNDLE_IDENTIFIER = "com.meshal.real-debrid-manager";
				PRODUCT_NAME = "Real-Debrid Manager";
				SDKROOT = iphoneos;
				STRING_CATALOG_GENERATE_SYMBOLS = YES;
				SWIFT_APPROACHABLE_CONCURRENCY = YES;
				SWIFT_DEFAULT_ACTOR_ISOLATION = MainActor;
				SWIFT_EMIT_LOC_STRINGS = YES;
				SWIFT_UPCOMING_FEATURE_MEMBER_IMPORT_VISIBILITY = YES;
				SWIFT_VERSION = 5.0;
				TARGETED_DEVICE_FAMILY = "1,2";
				VALIDATE_PRODUCT = YES;
			};
			name = Release;
		};
		51A68D87306B2C4700AE6283 /* Debug configuration for PBXNativeTarget "Real-Debrid Manager Extension (macOS)" */ = {
			isa = XCBuildConfiguration;
			buildSettings = {
				CODE_SIGN_STYLE = Automatic;
				CURRENT_PROJECT_VERSION = 1;
				ENABLE_APP_SANDBOX = YES;
				ENABLE_HARDENED_RUNTIME = YES;
				ENABLE_USER_SELECTED_FILES = readonly;
				GENERATE_INFOPLIST_FILE = YES;
				INFOPLIST_FILE = "macOS (Extension)/Info.plist";
				INFOPLIST_KEY_CFBundleDisplayName = "Real-Debrid Manager Extension";
				INFOPLIST_KEY_NSHumanReadableCopyright = "";
				LD_RUNPATH_SEARCH_PATHS = (
					"$(inherited)",
					"@executable_path/../Frameworks",
					"@executable_path/../../../../Frameworks",
				);
				MACOSX_DEPLOYMENT_TARGET = 12.0;
				MARKETING_VERSION = 1.0;
				OTHER_LDFLAGS = (
					"-framework",
					SafariServices,
				);
				PRODUCT_BUNDLE_IDENTIFIER = "com.meshal.real-debrid-manager.Extension";
				PRODUCT_NAME = "Real-Debrid Manager Extension";
				SDKROOT = macosx;
				SKIP_INSTALL = YES;
				STRING_CATALOG_GENERATE_SYMBOLS = YES;
				SWIFT_APPROACHABLE_CONCURRENCY = YES;
				SWIFT_EMIT_LOC_STRINGS = YES;
				SWIFT_UPCOMING_FEATURE_MEMBER_IMPORT_VISIBILITY = YES;
				SWIFT_VERSION = 5.0;
			};
			name = Debug;
		};
		51A68D88306B2C4700AE6283 /* Release configuration for PBXNativeTarget "Real-Debrid Manager Extension (macOS)" */ = {
			isa = XCBuildConfiguration;
			buildSettings = {
				CODE_SIGN_STYLE = Automatic;
				CURRENT_PROJECT_VERSION = 1;
				ENABLE_APP_SANDBOX = YES;
				ENABLE_HARDENED_RUNTIME = YES;
				ENABLE_USER_SELECTED_FILES = readonly;
				GENERATE_INFOPLIST_FILE = YES;
				INFOPLIST_FILE = "macOS (Extension)/Info.plist";
				INFOPLIST_KEY_CFBundleDisplayName = "Real-Debrid Manager Extension";
				INFOPLIST_KEY_NSHumanReadableCopyright = "";
				LD_RUNPATH_SEARCH_PATHS = (
					"$(inherited)",
					"@executable_path/../Frameworks",
					"@executable_path/../../../../Frameworks",
				);
				MACOSX_DEPLOYMENT_TARGET = 12.0;
				MARKETING_VERSION = 1.0;
				OTHER_LDFLAGS = (
					"-framework",
					SafariServices,
				);
				PRODUCT_BUNDLE_IDENTIFIER = "com.meshal.real-debrid-manager.Extension";
				PRODUCT_NAME = "Real-Debrid Manager Extension";
				SDKROOT = macosx;
				SKIP_INSTALL = YES;
				STRING_CATALOG_GENERATE_SYMBOLS = YES;
				SWIFT_APPROACHABLE_CONCURRENCY = YES;
				SWIFT_EMIT_LOC_STRINGS = YES;
				SWIFT_UPCOMING_FEATURE_MEMBER_IMPORT_VISIBILITY = YES;
				SWIFT_VERSION = 5.0;
			};
			name = Release;
		};
		51A68D8B306B2C4700AE6283 /* Debug configuration for PBXNativeTarget "Real-Debrid Manager (macOS)" */ = {
			isa = XCBuildConfiguration;
			buildSettings = {
				ASSETCATALOG_COMPILER_APPICON_NAME = AppIcon;
				ASSETCATALOG_COMPILER_GLOBAL_ACCENT_COLOR_NAME = AccentColor;
				CODE_SIGN_STYLE = Automatic;
				CURRENT_PROJECT_VERSION = 1;
				ENABLE_APP_SANDBOX = YES;
				ENABLE_HARDENED_RUNTIME = YES;
				ENABLE_OUTGOING_NETWORK_CONNECTIONS = YES;
				ENABLE_USER_SELECTED_FILES = readonly;
				GENERATE_INFOPLIST_FILE = YES;
				INFOPLIST_FILE = "macOS (App)/Info.plist";
				INFOPLIST_KEY_CFBundleDisplayName = "Real-Debrid Manager";
				INFOPLIST_KEY_NSMainStoryboardFile = Main;
				INFOPLIST_KEY_NSPrincipalClass = NSApplication;
				LD_RUNPATH_SEARCH_PATHS = (
					"$(inherited)",
					"@executable_path/../Frameworks",
				);
				MACOSX_DEPLOYMENT_TARGET = 12.0;
				MARKETING_VERSION = 1.0;
				OTHER_LDFLAGS = (
					"-framework",
					SafariServices,
					"-framework",
					WebKit,
				);
				PRODUCT_BUNDLE_IDENTIFIER = "com.meshal.real-debrid-manager";
				PRODUCT_NAME = "Real-Debrid Manager";
				REGISTER_APP_GROUPS = YES;
				SDKROOT = macosx;
				STRING_CATALOG_GENERATE_SYMBOLS = YES;
				SWIFT_APPROACHABLE_CONCURRENCY = YES;
				SWIFT_DEFAULT_ACTOR_ISOLATION = MainActor;
				SWIFT_EMIT_LOC_STRINGS = YES;
				SWIFT_UPCOMING_FEATURE_MEMBER_IMPORT_VISIBILITY = YES;
				SWIFT_VERSION = 5.0;
			};
			name = Debug;
		};
		51A68D8C306B2C4700AE6283 /* Release configuration for PBXNativeTarget "Real-Debrid Manager (macOS)" */ = {
			isa = XCBuildConfiguration;
			buildSettings = {
				ASSETCATALOG_COMPILER_APPICON_NAME = AppIcon;
				ASSETCATALOG_COMPILER_GLOBAL_ACCENT_COLOR_NAME = AccentColor;
				CODE_SIGN_STYLE = Automatic;
				CURRENT_PROJECT_VERSION = 1;
				ENABLE_APP_SANDBOX = YES;
				ENABLE_HARDENED_RUNTIME = YES;
				ENABLE_OUTGOING_NETWORK_CONNECTIONS = YES;
				ENABLE_USER_SELECTED_FILES = readonly;
				GENERATE_INFOPLIST_FILE = YES;
				INFOPLIST_FILE = "macOS (App)/Info.plist";
				INFOPLIST_KEY_CFBundleDisplayName = "Real-Debrid Manager";
				INFOPLIST_KEY_NSMainStoryboardFile = Main;
				INFOPLIST_KEY_NSPrincipalClass = NSApplication;
				LD_RUNPATH_SEARCH_PATHS = (
					"$(inherited)",
					"@executable_path/../Frameworks",
				);
				MACOSX_DEPLOYMENT_TARGET = 12.0;
				MARKETING_VERSION = 1.0;
				OTHER_LDFLAGS = (
					"-framework",
					SafariServices,
					"-framework",
					WebKit,
				);
				PRODUCT_BUNDLE_IDENTIFIER = "com.meshal.real-debrid-manager";
				PRODUCT_NAME = "Real-Debrid Manager";
				REGISTER_APP_GROUPS = YES;
				SDKROOT = macosx;
				STRING_CATALOG_GENERATE_SYMBOLS = YES;
				SWIFT_APPROACHABLE_CONCURRENCY = YES;
				SWIFT_DEFAULT_ACTOR_ISOLATION = MainActor;
				SWIFT_EMIT_LOC_STRINGS = YES;
				SWIFT_UPCOMING_FEATURE_MEMBER_IMPORT_VISIBILITY = YES;
				SWIFT_VERSION = 5.0;
			};
			name = Release;
		};
/* End XCBuildConfiguration section */

/* Begin XCConfigurationList section */
		51A68D31306B2C4600AE6283 /* Build configuration list for PBXProject "Real-Debrid Manager" */ = {
			isa = XCConfigurationList;
			buildConfigurations = (
				51A68D7D306B2C4700AE6283 /* Debug configuration for PBXProject "Real-Debrid Manager" */,
				51A68D7E306B2C4700AE6283 /* Release configuration for PBXProject "Real-Debrid Manager" */,
			);
			defaultConfigurationName = Release;
		};
		51A68D7F306B2C4700AE6283 /* Build configuration list for PBXNativeTarget "Real-Debrid Manager Extension (iOS)" */ = {
			isa = XCConfigurationList;
			buildConfigurations = (
				51A68D80306B2C4700AE6283 /* Debug configuration for PBXNativeTarget "Real-Debrid Manager Extension (iOS)" */,
				51A68D81306B2C4700AE6283 /* Release configuration for PBXNativeTarget "Real-Debrid Manager Extension (iOS)" */,
			);
			defaultConfigurationName = Release;
		};
		51A68D83306B2C4700AE6283 /* Build configuration list for PBXNativeTarget "Real-Debrid Manager (iOS)" */ = {
			isa = XCConfigurationList;
			buildConfigurations = (
				51A68D84306B2C4700AE6283 /* Debug configuration for PBXNativeTarget "Real-Debrid Manager (iOS)" */,
				51A68D85306B2C4700AE6283 /* Release configuration for PBXNativeTarget "Real-Debrid Manager (iOS)" */,
			);
			defaultConfigurationName = Release;
		};
		51A68D86306B2C4700AE6283 /* Build configuration list for PBXNativeTarget "Real-Debrid Manager Extension (macOS)" */ = {
			isa = XCConfigurationList;
			buildConfigurations = (
				51A68D87306B2C4700AE6283 /* Debug configuration for PBXNativeTarget "Real-Debrid Manager Extension (macOS)" */,
				51A68D88306B2C4700AE6283 /* Release configuration for PBXNativeTarget "Real-Debrid Manager Extension (macOS)" */,
			);
			defaultConfigurationName = Release;
		};
		51A68D8A306B2C4700AE6283 /* Build configuration list for PBXNativeTarget "Real-Debrid Manager (macOS)" */ = {
			isa = XCConfigurationList;
			buildConfigurations = (
				51A68D8B306B2C4700AE6283 /* Debug configuration for PBXNativeTarget "Real-Debrid Manager (macOS)" */,
				51A68D8C306B2C4700AE6283 /* Release configuration for PBXNativeTarget "Real-Debrid Manager (macOS)" */,
			);
			defaultConfigurationName = Release;
		};
/* End XCConfigurationList section */
	};
	rootObject = 51A68D2E306B2C4600AE6283 /* Project object */;
	validationLevel = 1;
}
