// !$*UTF8*$!
{
	archiveVersion = 1;
	classes = {
	};
	objectVersion = 77;
	objects = {

/* Begin PBXBuildFile section */
		51B890B02F0C8C57001C5459 /* AppDelegate.swift in Sources */ = {isa = PBXBuildFile; fileRef = 51B890AF2F0C8C57001C5459 /* AppDelegate.swift */; };
		51B890B22F0C8C57001C5459 /* SceneDelegate.swift in Sources */ = {isa = PBXBuildFile; fileRef = 51B890B12F0C8C57001C5459 /* SceneDelegate.swift */; };
		51B890B52F0C8C57001C5459 /* LaunchScreen.storyboard in Resources */ = {isa = PBXBuildFile; fileRef = 51B890B32F0C8C57001C5459 /* LaunchScreen.storyboard */; };
		51B890B82F0C8C57001C5459 /* Main.storyboard in Resources */ = {isa = PBXBuildFile; fileRef = 51B890B62F0C8C57001C5459 /* Main.storyboard */; };
		51B890C12F0C8C57001C5459 /* AppDelegate.swift in Sources */ = {isa = PBXBuildFile; fileRef = 51B890C02F0C8C57001C5459 /* AppDelegate.swift */; };
		51B890C42F0C8C57001C5459 /* Main.storyboard in Resources */ = {isa = PBXBuildFile; fileRef = 51B890C22F0C8C57001C5459 /* Main.storyboard */; };
		51B890CB2F0C8C57001C5459 /* Real-Debrid Extension.appex in Embed Foundation Extensions */ = {isa = PBXBuildFile; fileRef = 51B890CA2F0C8C57001C5459 /* Real-Debrid Extension.appex */; settings = {ATTRIBUTES = (RemoveHeadersOnCopy, ); }; };
		51B890D52F0C8C57001C5459 /* Real-Debrid Extension.appex in Embed Foundation Extensions */ = {isa = PBXBuildFile; fileRef = 51B890D42F0C8C57001C5459 /* Real-Debrid Extension.appex */; settings = {ATTRIBUTES = (RemoveHeadersOnCopy, ); }; };
		51B890DA2F0C8C57001C5459 /* Main.html in Resources */ = {isa = PBXBuildFile; fileRef = 51B8909F2F0C8C56001C5459 /* Main.html */; };
		51B890DB2F0C8C57001C5459 /* Main.html in Resources */ = {isa = PBXBuildFile; fileRef = 51B8909F2F0C8C56001C5459 /* Main.html */; };
		51B890DC2F0C8C57001C5459 /* Icon.png in Resources */ = {isa = PBXBuildFile; fileRef = 51B890A12F0C8C56001C5459 /* Icon.png */; };
		51B890DD2F0C8C57001C5459 /* Icon.png in Resources */ = {isa = PBXBuildFile; fileRef = 51B890A12F0C8C56001C5459 /* Icon.png */; };
		51B890DE2F0C8C57001C5459 /* Style.css in Resources */ = {isa = PBXBuildFile; fileRef = 51B890A22F0C8C56001C5459 /* Style.css */; };
		51B890DF2F0C8C57001C5459 /* Style.css in Resources */ = {isa = PBXBuildFile; fileRef = 51B890A22F0C8C56001C5459 /* Style.css */; };
		51B890E02F0C8C57001C5459 /* Script.js in Resources */ = {isa = PBXBuildFile; fileRef = 51B890A32F0C8C56001C5459 /* Script.js */; };
		51B890E12F0C8C57001C5459 /* Script.js in Resources */ = {isa = PBXBuildFile; fileRef = 51B890A32F0C8C56001C5459 /* Script.js */; };
		51B890E22F0C8C57001C5459 /* ViewController.swift in Sources */ = {isa = PBXBuildFile; fileRef = 51B890A42F0C8C56001C5459 /* ViewController.swift */; };
		51B890E32F0C8C57001C5459 /* ViewController.swift in Sources */ = {isa = PBXBuildFile; fileRef = 51B890A42F0C8C56001C5459 /* ViewController.swift */; };
		51B890E42F0C8C57001C5459 /* Assets.xcassets in Resources */ = {isa = PBXBuildFile; fileRef = 51B890A52F0C8C57001C5459 /* Assets.xcassets */; };
		51B890E52F0C8C57001C5459 /* Assets.xcassets in Resources */ = {isa = PBXBuildFile; fileRef = 51B890A52F0C8C57001C5459 /* Assets.xcassets */; };
		51B890E62F0C8C57001C5459 /* SafariWebExtensionHandler.swift in Sources */ = {isa = PBXBuildFile; fileRef = 51B890A72F0C8C57001C5459 /* SafariWebExtensionHandler.swift */; };
		51B890E72F0C8C57001C5459 /* SafariWebExtensionHandler.swift in Sources */ = {isa = PBXBuildFile; fileRef = 51B890A72F0C8C57001C5459 /* SafariWebExtensionHandler.swift */; };
		51B891042F0C8C58001C5459 /* icon16.plasmo.3f939841.png in Resources */ = {isa = PBXBuildFile; fileRef = 51B890F92F0C8C58001C5459 /* icon16.plasmo.3f939841.png */; };
		51B891052F0C8C58001C5459 /* tabs in Resources */ = {isa = PBXBuildFile; fileRef = 51B890FA2F0C8C58001C5459 /* tabs */; };
		51B891062F0C8C58001C5459 /* icon32.plasmo.b3e782d4.png in Resources */ = {isa = PBXBuildFile; fileRef = 51B890FB2F0C8C58001C5459 /* icon32.plasmo.b3e782d4.png */; };
		51B891072F0C8C58001C5459 /* popup.html in Resources */ = {isa = PBXBuildFile; fileRef = 51B890FC2F0C8C58001C5459 /* popup.html */; };
		51B891082F0C8C58001C5459 /* icon128.plasmo.75675c84.png in Resources */ = {isa = PBXBuildFile; fileRef = 51B890FD2F0C8C58001C5459 /* icon128.plasmo.75675c84.png */; };
		51B891092F0C8C58001C5459 /* popup.c5bdfb9c.js in Resources */ = {isa = PBXBuildFile; fileRef = 51B890FE2F0C8C58001C5459 /* popup.c5bdfb9c.js */; };
		51B8910A2F0C8C58001C5459 /* static in Resources */ = {isa = PBXBuildFile; fileRef = 51B890FF2F0C8C58001C5459 /* static */; };
		51B8910B2F0C8C58001C5459 /* icon64.plasmo.2d281304.png in Resources */ = {isa = PBXBuildFile; fileRef = 51B891002F0C8C58001C5459 /* icon64.plasmo.2d281304.png */; };
		51B8910C2F0C8C58001C5459 /* manifest.json in Resources */ = {isa = PBXBuildFile; fileRef = 51B891012F0C8C58001C5459 /* manifest.json */; };
		51B8910D2F0C8C58001C5459 /* icon48.plasmo.3cd5ceed.png in Resources */ = {isa = PBXBuildFile; fileRef = 51B891022F0C8C58001C5459 /* icon48.plasmo.3cd5ceed.png */; };
		51B8910E2F0C8C58001C5459 /* link-scanner.acf839fe.js in Resources */ = {isa = PBXBuildFile; fileRef = 51B891032F0C8C58001C5459 /* link-scanner.acf839fe.js */; };
		51B8910F2F0C8C58001C5459 /* icon16.plasmo.3f939841.png in Resources */ = {isa = PBXBuildFile; fileRef = 51B890F92F0C8C58001C5459 /* icon16.plasmo.3f939841.png */; };
		51B891102F0C8C58001C5459 /* tabs in Resources */ = {isa = PBXBuildFile; fileRef = 51B890FA2F0C8C58001C5459 /* tabs */; };
		51B891112F0C8C58001C5459 /* icon32.plasmo.b3e782d4.png in Resources */ = {isa = PBXBuildFile; fileRef = 51B890FB2F0C8C58001C5459 /* icon32.plasmo.b3e782d4.png */; };
		51B891122F0C8C58001C5459 /* popup.html in Resources */ = {isa = PBXBuildFile; fileRef = 51B890FC2F0C8C58001C5459 /* popup.html */; };
		51B891132F0C8C58001C5459 /* icon128.plasmo.75675c84.png in Resources */ = {isa = PBXBuildFile; fileRef = 51B890FD2F0C8C58001C5459 /* icon128.plasmo.75675c84.png */; };
		51B891142F0C8C58001C5459 /* popup.c5bdfb9c.js in Resources */ = {isa = PBXBuildFile; fileRef = 51B890FE2F0C8C58001C5459 /* popup.c5bdfb9c.js */; };
		51B891152F0C8C58001C5459 /* static in Resources */ = {isa = PBXBuildFile; fileRef = 51B890FF2F0C8C58001C5459 /* static */; };
		51B891162F0C8C58001C5459 /* icon64.plasmo.2d281304.png in Resources */ = {isa = PBXBuildFile; fileRef = 51B891002F0C8C58001C5459 /* icon64.plasmo.2d281304.png */; };
		51B891172F0C8C58001C5459 /* manifest.json in Resources */ = {isa = PBXBuildFile; fileRef = 51B891012F0C8C58001C5459 /* manifest.json */; };
		51B891182F0C8C58001C5459 /* icon48.plasmo.3cd5ceed.png in Resources */ = {isa = PBXBuildFile; fileRef = 51B891022F0C8C58001C5459 /* icon48.plasmo.3cd5ceed.png */; };
		51B891192F0C8C58001C5459 /* link-scanner.acf839fe.js in Resources */ = {isa = PBXBuildFile; fileRef = 51B891032F0C8C58001C5459 /* link-scanner.acf839fe.js */; };
/* End PBXBuildFile section */

/* Begin PBXContainerItemProxy section */
		51B890CC2F0C8C57001C5459 /* PBXContainerItemProxy */ = {
			isa = PBXContainerItemProxy;
			containerPortal = 51B890992F0C8C56001C5459 /* Project object */;
			proxyType = 1;
			remoteGlobalIDString = 51B890C92F0C8C57001C5459;
			remoteInfo = "Real-Debrid Extension (iOS)";
		};
		51B890D62F0C8C57001C5459 /* PBXContainerItemProxy */ = {
			isa = PBXContainerItemProxy;
			containerPortal = 51B890992F0C8C56001C5459 /* Project object */;
			proxyType = 1;
			remoteGlobalIDString = 51B890D32F0C8C57001C5459;
			remoteInfo = "Real-Debrid Extension (macOS)";
		};
/* End PBXContainerItemProxy section */

/* Begin PBXCopyFilesBuildPhase section */
		51B890ED2F0C8C57001C5459 /* Embed Foundation Extensions */ = {
			isa = PBXCopyFilesBuildPhase;
			buildActionMask = 2147483647;
			dstPath = "";
			dstSubfolderSpec = 13;
			files = (
				51B890CB2F0C8C57001C5459 /* Real-Debrid Extension.appex in Embed Foundation Extensions */,
			);
			name = "Embed Foundation Extensions";
			runOnlyForDeploymentPostprocessing = 0;
		};
		51B890F42F0C8C57001C5459 /* Embed Foundation Extensions */ = {
			isa = PBXCopyFilesBuildPhase;
			buildActionMask = 2147483647;
			dstPath = "";
			dstSubfolderSpec = 13;
			files = (
				51B890D52F0C8C57001C5459 /* Real-Debrid Extension.appex in Embed Foundation Extensions */,
			);
			name = "Embed Foundation Extensions";
			runOnlyForDeploymentPostprocessing = 0;
		};
/* End PBXCopyFilesBuildPhase section */

/* Begin PBXFileReference section */
		51B890A02F0C8C56001C5459 /* Base */ = {isa = PBXFileReference; lastKnownFileType = text.html; name = Base; path = Base.lproj/Main.html; sourceTree = "<group>"; };
		51B890A12F0C8C56001C5459 /* Icon.png */ = {isa = PBXFileReference; lastKnownFileType = image.png; path = Icon.png; sourceTree = "<group>"; };
		51B890A22F0C8C56001C5459 /* Style.css */ = {isa = PBXFileReference; lastKnownFileType = text.css; path = Style.css; sourceTree = "<group>"; };
		51B890A32F0C8C56001C5459 /* Script.js */ = {isa = PBXFileReference; lastKnownFileType = sourcecode.javascript; path = Script.js; sourceTree = "<group>"; };
		51B890A42F0C8C56001C5459 /* ViewController.swift */ = {isa = PBXFileReference; lastKnownFileType = sourcecode.swift; path = ViewController.swift; sourceTree = "<group>"; };
		51B890A52F0C8C57001C5459 /* Assets.xcassets */ = {isa = PBXFileReference; lastKnownFileType = folder.assetcatalog; path = Assets.xcassets; sourceTree = "<group>"; };
		51B890A72F0C8C57001C5459 /* SafariWebExtensionHandler.swift */ = {isa = PBXFileReference; lastKnownFileType = sourcecode.swift; path = SafariWebExtensionHandler.swift; sourceTree = "<group>"; };
		51B890AC2F0C8C57001C5459 /* Real-Debrid.app */ = {isa = PBXFileReference; explicitFileType = wrapper.application; includeInIndex = 0; path = "Real-Debrid.app"; sourceTree = BUILT_PRODUCTS_DIR; };
		51B890AF2F0C8C57001C5459 /* AppDelegate.swift */ = {isa = PBXFileReference; lastKnownFileType = sourcecode.swift; path = AppDelegate.swift; sourceTree = "<group>"; };
		51B890B12F0C8C57001C5459 /* SceneDelegate.swift */ = {isa = PBXFileReference; lastKnownFileType = sourcecode.swift; path = SceneDelegate.swift; sourceTree = "<group>"; };
		51B890B42F0C8C57001C5459 /* Base */ = {isa = PBXFileReference; lastKnownFileType = file.storyboard; name = Base; path = Base.lproj/LaunchScreen.storyboard; sourceTree = "<group>"; };
		51B890B72F0C8C57001C5459 /* Base */ = {isa = PBXFileReference; lastKnownFileType = file.storyboard; name = Base; path = Base.lproj/Main.storyboard; sourceTree = "<group>"; };
		51B890B92F0C8C57001C5459 /* Info.plist */ = {isa = PBXFileReference; lastKnownFileType = text.plist.xml; path = Info.plist; sourceTree = "<group>"; };
		51B890BE2F0C8C57001C5459 /* Real-Debrid.app */ = {isa = PBXFileReference; explicitFileType = wrapper.application; includeInIndex = 0; path = "Real-Debrid.app"; sourceTree = BUILT_PRODUCTS_DIR; };
		51B890C02F0C8C57001C5459 /* AppDelegate.swift */ = {isa = PBXFileReference; lastKnownFileType = sourcecode.swift; path = AppDelegate.swift; sourceTree = "<group>"; };
		51B890C32F0C8C57001C5459 /* Base */ = {isa = PBXFileReference; lastKnownFileType = file.storyboard; name = Base; path = Base.lproj/Main.storyboard; sourceTree = "<group>"; };
		51B890C52F0C8C57001C5459 /* Info.plist */ = {isa = PBXFileReference; lastKnownFileType = text.plist.xml; path = Info.plist; sourceTree = "<group>"; };
		51B890CA2F0C8C57001C5459 /* Real-Debrid Extension.appex */ = {isa = PBXFileReference; explicitFileType = "wrapper.app-extension"; includeInIndex = 0; path = "Real-Debrid Extension.appex"; sourceTree = BUILT_PRODUCTS_DIR; };
		51B890CF2F0C8C57001C5459 /* Info.plist */ = {isa = PBXFileReference; lastKnownFileType = text.plist.xml; path = Info.plist; sourceTree = "<group>"; };
		51B890D42F0C8C57001C5459 /* Real-Debrid Extension.appex */ = {isa = PBXFileReference; explicitFileType = "wrapper.app-extension"; includeInIndex = 0; path = "Real-Debrid Extension.appex"; sourceTree = BUILT_PRODUCTS_DIR; };
		51B890D92F0C8C57001C5459 /* Info.plist */ = {isa = PBXFileReference; lastKnownFileType = text.plist.xml; path = Info.plist; sourceTree = "<group>"; };
		51B890F92F0C8C58001C5459 /* icon16.plasmo.3f939841.png */ = {isa = PBXFileReference; lastKnownFileType = image.png; name = icon16.plasmo.3f939841.png; path = "../../../build/safari-mv3-prod/icon16.plasmo.3f939841.png"; sourceTree = "<group>"; };
		51B890FA2F0C8C58001C5459 /* tabs */ = {isa = PBXFileReference; lastKnownFileType = folder; name = tabs; path = "../../../build/safari-mv3-prod/tabs"; sourceTree = "<group>"; };
		51B890FB2F0C8C58001C5459 /* icon32.plasmo.b3e782d4.png */ = {isa = PBXFileReference; lastKnownFileType = image.png; name = icon32.plasmo.b3e782d4.png; path = "../../../build/safari-mv3-prod/icon32.plasmo.b3e782d4.png"; sourceTree = "<group>"; };
		51B890FC2F0C8C58001C5459 /* popup.html */ = {isa = PBXFileReference; lastKnownFileType = text.html; name = popup.html; path = "../../../build/safari-mv3-prod/popup.html"; sourceTree = "<group>"; };
		51B890FD2F0C8C58001C5459 /* icon128.plasmo.75675c84.png */ = {isa = PBXFileReference; lastKnownFileType = image.png; name = icon128.plasmo.75675c84.png; path = "../../../build/safari-mv3-prod/icon128.plasmo.75675c84.png"; sourceTree = "<group>"; };
		51B890FE2F0C8C58001C5459 /* popup.c5bdfb9c.js */ = {isa = PBXFileReference; lastKnownFileType = sourcecode.javascript; name = popup.c5bdfb9c.js; path = "../../../build/safari-mv3-prod/popup.c5bdfb9c.js"; sourceTree = "<group>"; };
		51B890FF2F0C8C58001C5459 /* static */ = {isa = PBXFileReference; lastKnownFileType = folder; name = static; path = "../../../build/safari-mv3-prod/static"; sourceTree = "<group>"; };
		51B891002F0C8C58001C5459 /* icon64.plasmo.2d281304.png */ = {isa = PBXFileReference; lastKnownFileType = image.png; name = icon64.plasmo.2d281304.png; path = "../../../build/safari-mv3-prod/icon64.plasmo.2d281304.png"; sourceTree = "<group>"; };
		51B891012F0C8C58001C5459 /* manifest.json */ = {isa = PBXFileReference; lastKnownFileType = text.json; name = manifest.json; path = "../../../build/safari-mv3-prod/manifest.json"; sourceTree = "<group>"; };
		51B891022F0C8C58001C5459 /* icon48.plasmo.3cd5ceed.png */ = {isa = PBXFileReference; lastKnownFileType = image.png; name = icon48.plasmo.3cd5ceed.png; path = "../../../build/safari-mv3-prod/icon48.plasmo.3cd5ceed.png"; sourceTree = "<group>"; };
		51B891032F0C8C58001C5459 /* link-scanner.acf839fe.js */ = {isa = PBXFileReference; lastKnownFileType = sourcecode.javascript; name = "link-scanner.acf839fe.js"; path = "../../../build/safari-mv3-prod/link-scanner.acf839fe.js"; sourceTree = "<group>"; };
/* End PBXFileReference section */

/* Begin PBXFrameworksBuildPhase section */
		51B890A92F0C8C57001C5459 /* Frameworks */ = {
			isa = PBXFrameworksBuildPhase;
			buildActionMask = 2147483647;
			files = (
			);
			runOnlyForDeploymentPostprocessing = 0;
		};
		51B890BB2F0C8C57001C5459 /* Frameworks */ = {
			isa = PBXFrameworksBuildPhase;
			buildActionMask = 2147483647;
			files = (
			);
			runOnlyForDeploymentPostprocessing = 0;
		};
		51B890C72F0C8C57001C5459 /* Frameworks */ = {
			isa = PBXFrameworksBuildPhase;
			buildActionMask = 2147483647;
			files = (
			);
			runOnlyForDeploymentPostprocessing = 0;
		};
		51B890D12F0C8C57001C5459 /* Frameworks */ = {
			isa = PBXFrameworksBuildPhase;
			buildActionMask = 2147483647;
			files = (
			);
			runOnlyForDeploymentPostprocessing = 0;
		};
/* End PBXFrameworksBuildPhase section */

/* Begin PBXGroup section */
		51B890982F0C8C56001C5459 = {
			isa = PBXGroup;
			children = (
				51B8909D2F0C8C56001C5459 /* Shared (App) */,
				51B890A62F0C8C57001C5459 /* Shared (Extension) */,
				51B890AE2F0C8C57001C5459 /* iOS (App) */,
				51B890BF2F0C8C57001C5459 /* macOS (App) */,
				51B890CE2F0C8C57001C5459 /* iOS (Extension) */,
				51B890D82F0C8C57001C5459 /* macOS (Extension) */,
				51B890AD2F0C8C57001C5459 /* Products */,
			);
			sourceTree = "<group>";
		};
		51B8909D2F0C8C56001C5459 /* Shared (App) */ = {
			isa = PBXGroup;
			children = (
				51B890A42F0C8C56001C5459 /* ViewController.swift */,
				51B890A52F0C8C57001C5459 /* Assets.xcassets */,
				51B8909E2F0C8C56001C5459 /* Resources */,
			);
			path = "Shared (App)";
			sourceTree = "<group>";
		};
		51B8909E2F0C8C56001C5459 /* Resources */ = {
			isa = PBXGroup;
			children = (
				51B8909F2F0C8C56001C5459 /* Main.html */,
				51B890A12F0C8C56001C5459 /* Icon.png */,
				51B890A22F0C8C56001C5459 /* Style.css */,
				51B890A32F0C8C56001C5459 /* Script.js */,
			);
			path = Resources;
			sourceTree = "<group>";
		};
		51B890A62F0C8C57001C5459 /* Shared (Extension) */ = {
			isa = PBXGroup;
			children = (
				51B890F82F0C8C58001C5459 /* Resources */,
				51B890A72F0C8C57001C5459 /* SafariWebExtensionHandler.swift */,
			);
			path = "Shared (Extension)";
			sourceTree = "<group>";
		};
		51B890AD2F0C8C57001C5459 /* Products */ = {
			isa = PBXGroup;
			children = (
				51B890AC2F0C8C57001C5459 /* Real-Debrid.app */,
				51B890BE2F0C8C57001C5459 /* Real-Debrid.app */,
				51B890CA2F0C8C57001C5459 /* Real-Debrid Extension.appex */,
				51B890D42F0C8C57001C5459 /* Real-Debrid Extension.appex */,
			);
			name = Products;
			sourceTree = "<group>";
		};
		51B890AE2F0C8C57001C5459 /* iOS (App) */ = {
			isa = PBXGroup;
			children = (
				51B890AF2F0C8C57001C5459 /* AppDelegate.swift */,
				51B890B12F0C8C57001C5459 /* SceneDelegate.swift */,
				51B890B32F0C8C57001C5459 /* LaunchScreen.storyboard */,
				51B890B62F0C8C57001C5459 /* Main.storyboard */,
				51B890B92F0C8C57001C5459 /* Info.plist */,
			);
			path = "iOS (App)";
			sourceTree = "<group>";
		};
		51B890BF2F0C8C57001C5459 /* macOS (App) */ = {
			isa = PBXGroup;
			children = (
				51B890C02F0C8C57001C5459 /* AppDelegate.swift */,
				51B890C22F0C8C57001C5459 /* Main.storyboard */,
				51B890C52F0C8C57001C5459 /* Info.plist */,
			);
			path = "macOS (App)";
			sourceTree = "<group>";
		};
		51B890CE2F0C8C57001C5459 /* iOS (Extension) */ = {
			isa = PBXGroup;
			children = (
				51B890CF2F0C8C57001C5459 /* Info.plist */,
			);
			path = "iOS (Extension)";
			sourceTree = "<group>";
		};
		51B890D82F0C8C57001C5459 /* macOS (Extension) */ = {
			isa = PBXGroup;
			children = (
				51B890D92F0C8C57001C5459 /* Info.plist */,
			);
			path = "macOS (Extension)";
			sourceTree = "<group>";
		};
		51B890F82F0C8C58001C5459 /* Resources */ = {
			isa = PBXGroup;
			children = (
				51B890F92F0C8C58001C5459 /* icon16.plasmo.3f939841.png */,
				51B890FA2F0C8C58001C5459 /* tabs */,
				51B890FB2F0C8C58001C5459 /* icon32.plasmo.b3e782d4.png */,
				51B890FC2F0C8C58001C5459 /* popup.html */,
				51B890FD2F0C8C58001C5459 /* icon128.plasmo.75675c84.png */,
				51B890FE2F0C8C58001C5459 /* popup.c5bdfb9c.js */,
				51B890FF2F0C8C58001C5459 /* static */,
				51B891002F0C8C58001C5459 /* icon64.plasmo.2d281304.png */,
				51B891012F0C8C58001C5459 /* manifest.json */,
				51B891022F0C8C58001C5459 /* icon48.plasmo.3cd5ceed.png */,
				51B891032F0C8C58001C5459 /* link-scanner.acf839fe.js */,
			);
			name = Resources;
			path = "Shared (Extension)";
			sourceTree = SOURCE_ROOT;
		};
/* End PBXGroup section */

/* Begin PBXNativeTarget section */
		51B890AB2F0C8C57001C5459 /* Real-Debrid (iOS) */ = {
			isa = PBXNativeTarget;
			buildConfigurationList = 51B890EE2F0C8C57001C5459 /* Build configuration list for PBXNativeTarget "Real-Debrid (iOS)" */;
			buildPhases = (
				51B890A82F0C8C57001C5459 /* Sources */,
				51B890A92F0C8C57001C5459 /* Frameworks */,
				51B890AA2F0C8C57001C5459 /* Resources */,
				51B890ED2F0C8C57001C5459 /* Embed Foundation Extensions */,
			);
			buildRules = (
			);
			dependencies = (
				51B890CD2F0C8C57001C5459 /* PBXTargetDependency */,
			);
			name = "Real-Debrid (iOS)";
			packageProductDependencies = (
			);
			productName = "Real-Debrid (iOS)";
			productReference = 51B890AC2F0C8C57001C5459 /* Real-Debrid.app */;
			productType = "com.apple.product-type.application";
		};
		51B890BD2F0C8C57001C5459 /* Real-Debrid (macOS) */ = {
			isa = PBXNativeTarget;
			buildConfigurationList = 51B890F52F0C8C57001C5459 /* Build configuration list for PBXNativeTarget "Real-Debrid (macOS)" */;
			buildPhases = (
				51B890BA2F0C8C57001C5459 /* Sources */,
				51B890BB2F0C8C57001C5459 /* Frameworks */,
				51B890BC2F0C8C57001C5459 /* Resources */,
				51B890F42F0C8C57001C5459 /* Embed Foundation Extensions */,
			);
			buildRules = (
			);
			dependencies = (
				51B890D72F0C8C57001C5459 /* PBXTargetDependency */,
			);
			name = "Real-Debrid (macOS)";
			packageProductDependencies = (
			);
			productName = "Real-Debrid (macOS)";
			productReference = 51B890BE2F0C8C57001C5459 /* Real-Debrid.app */;
			productType = "com.apple.product-type.application";
		};
		51B890C92F0C8C57001C5459 /* Real-Debrid Extension (iOS) */ = {
			isa = PBXNativeTarget;
			buildConfigurationList = 51B890EA2F0C8C57001C5459 /* Build configuration list for PBXNativeTarget "Real-Debrid Extension (iOS)" */;
			buildPhases = (
				51B890C62F0C8C57001C5459 /* Sources */,
				51B890C72F0C8C57001C5459 /* Frameworks */,
				51B890C82F0C8C57001C5459 /* Resources */,
			);
			buildRules = (
			);
			dependencies = (
			);
			name = "Real-Debrid Extension (iOS)";
			packageProductDependencies = (
			);
			productName = "Real-Debrid Extension (iOS)";
			productReference = 51B890CA2F0C8C57001C5459 /* Real-Debrid Extension.appex */;
			productType = "com.apple.product-type.app-extension";
		};
		51B890D32F0C8C57001C5459 /* Real-Debrid Extension (macOS) */ = {
			isa = PBXNativeTarget;
			buildConfigurationList = 51B890F12F0C8C57001C5459 /* Build configuration list for PBXNativeTarget "Real-Debrid Extension (macOS)" */;
			buildPhases = (
				51B890D02F0C8C57001C5459 /* Sources */,
				51B890D12F0C8C57001C5459 /* Frameworks */,
				51B890D22F0C8C57001C5459 /* Resources */,
			);
			buildRules = (
			);
			dependencies = (
			);
			name = "Real-Debrid Extension (macOS)";
			packageProductDependencies = (
			);
			productName = "Real-Debrid Extension (macOS)";
			productReference = 51B890D42F0C8C57001C5459 /* Real-Debrid Extension.appex */;
			productType = "com.apple.product-type.app-extension";
		};
/* End PBXNativeTarget section */

/* Begin PBXProject section */
		51B890992F0C8C56001C5459 /* Project object */ = {
			isa = PBXProject;
			attributes = {
				BuildIndependentTargetsInParallel = 1;
				LastSwiftUpdateCheck = 2620;
				LastUpgradeCheck = 2620;
				TargetAttributes = {
					51B890AB2F0C8C57001C5459 = {
						CreatedOnToolsVersion = 26.2;
					};
					51B890BD2F0C8C57001C5459 = {
						CreatedOnToolsVersion = 26.2;
					};
					51B890C92F0C8C57001C5459 = {
						CreatedOnToolsVersion = 26.2;
					};
					51B890D32F0C8C57001C5459 = {
						CreatedOnToolsVersion = 26.2;
					};
				};
			};
			buildConfigurationList = 51B8909C2F0C8C56001C5459 /* Build configuration list for PBXProject "Real-Debrid" */;
			developmentRegion = en;
			hasScannedForEncodings = 0;
			knownRegions = (
				en,
				Base,
			);
			mainGroup = 51B890982F0C8C56001C5459;
			minimizedProjectReferenceProxies = 1;
			preferredProjectObjectVersion = 77;
			productRefGroup = 51B890AD2F0C8C57001C5459 /* Products */;
			projectDirPath = "";
			projectRoot = "";
			targets = (
				51B890AB2F0C8C57001C5459 /* Real-Debrid (iOS) */,
				51B890BD2F0C8C57001C5459 /* Real-Debrid (macOS) */,
				51B890C92F0C8C57001C5459 /* Real-Debrid Extension (iOS) */,
				51B890D32F0C8C57001C5459 /* Real-Debrid Extension (macOS) */,
			);
		};
/* End PBXProject section */

/* Begin PBXResourcesBuildPhase section */
		51B890AA2F0C8C57001C5459 /* Resources */ = {
			isa = PBXResourcesBuildPhase;
			buildActionMask = 2147483647;
			files = (
				51B890DC2F0C8C57001C5459 /* Icon.png in Resources */,
				51B890B52F0C8C57001C5459 /* LaunchScreen.storyboard in Resources */,
				51B890DA2F0C8C57001C5459 /* Main.html in Resources */,
				51B890E02F0C8C57001C5459 /* Script.js in Resources */,
				51B890E42F0C8C57001C5459 /* Assets.xcassets in Resources */,
				51B890B82F0C8C57001C5459 /* Main.storyboard in Resources */,
				51B890DE2F0C8C57001C5459 /* Style.css in Resources */,
			);
			runOnlyForDeploymentPostprocessing = 0;
		};
		51B890BC2F0C8C57001C5459 /* Resources */ = {
			isa = PBXResourcesBuildPhase;
			buildActionMask = 2147483647;
			files = (
				51B890DD2F0C8C57001C5459 /* Icon.png in Resources */,
				51B890DF2F0C8C57001C5459 /* Style.css in Resources */,
				51B890C42F0C8C57001C5459 /* Main.storyboard in Resources */,
				51B890E12F0C8C57001C5459 /* Script.js in Resources */,
				51B890E52F0C8C57001C5459 /* Assets.xcassets in Resources */,
				51B890DB2F0C8C57001C5459 /* Main.html in Resources */,
			);
			runOnlyForDeploymentPostprocessing = 0;
		};
		51B890C82F0C8C57001C5459 /* Resources */ = {
			isa = PBXResourcesBuildPhase;
			buildActionMask = 2147483647;
			files = (
				51B891162F0C8C58001C5459 /* icon64.plasmo.2d281304.png in Resources */,
				51B891142F0C8C58001C5459 /* popup.c5bdfb9c.js in Resources */,
				51B891112F0C8C58001C5459 /* icon32.plasmo.b3e782d4.png in Resources */,
				51B891152F0C8C58001C5459 /* static in Resources */,
				51B891172F0C8C58001C5459 /* manifest.json in Resources */,
				51B891122F0C8C58001C5459 /* popup.html in Resources */,
				51B891102F0C8C58001C5459 /* tabs in Resources */,
				51B8910F2F0C8C58001C5459 /* icon16.plasmo.3f939841.png in Resources */,
				51B891182F0C8C58001C5459 /* icon48.plasmo.3cd5ceed.png in Resources */,
				51B891132F0C8C58001C5459 /* icon128.plasmo.75675c84.png in Resources */,
				51B891192F0C8C58001C5459 /* link-scanner.acf839fe.js in Resources */,
			);
			runOnlyForDeploymentPostprocessing = 0;
		};
		51B890D22F0C8C57001C5459 /* Resources */ = {
			isa = PBXResourcesBuildPhase;
			buildActionMask = 2147483647;
			files = (
				51B8910B2F0C8C58001C5459 /* icon64.plasmo.2d281304.png in Resources */,
				51B891092F0C8C58001C5459 /* popup.c5bdfb9c.js in Resources */,
				51B891062F0C8C58001C5459 /* icon32.plasmo.b3e782d4.png in Resources */,
				51B8910A2F0C8C58001C5459 /* static in Resources */,
				51B8910C2F0C8C58001C5459 /* manifest.json in Resources */,
				51B891072F0C8C58001C5459 /* popup.html in Resources */,
				51B891052F0C8C58001C5459 /* tabs in Resources */,
				51B891042F0C8C58001C5459 /* icon16.plasmo.3f939841.png in Resources */,
				51B8910D2F0C8C58001C5459 /* icon48.plasmo.3cd5ceed.png in Resources */,
				51B891082F0C8C58001C5459 /* icon128.plasmo.75675c84.png in Resources */,
				51B8910E2F0C8C58001C5459 /* link-scanner.acf839fe.js in Resources */,
			);
			runOnlyForDeploymentPostprocessing = 0;
		};
/* End PBXResourcesBuildPhase section */

/* Begin PBXSourcesBuildPhase section */
		51B890A82F0C8C57001C5459 /* Sources */ = {
			isa = PBXSourcesBuildPhase;
			buildActionMask = 2147483647;
			files = (
				51B890E22F0C8C57001C5459 /* ViewController.swift in Sources */,
				51B890B02F0C8C57001C5459 /* AppDelegate.swift in Sources */,
				51B890B22F0C8C57001C5459 /* SceneDelegate.swift in Sources */,
			);
			runOnlyForDeploymentPostprocessing = 0;
		};
		51B890BA2F0C8C57001C5459 /* Sources */ = {
			isa = PBXSourcesBuildPhase;
			buildActionMask = 2147483647;
			files = (
				51B890E32F0C8C57001C5459 /* ViewController.swift in Sources */,
				51B890C12F0C8C57001C5459 /* AppDelegate.swift in Sources */,
			);
			runOnlyForDeploymentPostprocessing = 0;
		};
		51B890C62F0C8C57001C5459 /* Sources */ = {
			isa = PBXSourcesBuildPhase;
			buildActionMask = 2147483647;
			files = (
				51B890E62F0C8C57001C5459 /* SafariWebExtensionHandler.swift in Sources */,
			);
			runOnlyForDeploymentPostprocessing = 0;
		};
		51B890D02F0C8C57001C5459 /* Sources */ = {
			isa = PBXSourcesBuildPhase;
			buildActionMask = 2147483647;
			files = (
				51B890E72F0C8C57001C5459 /* SafariWebExtensionHandler.swift in Sources */,
			);
			runOnlyForDeploymentPostprocessing = 0;
		};
/* End PBXSourcesBuildPhase section */

/* Begin PBXTargetDependency section */
		51B890CD2F0C8C57001C5459 /* PBXTargetDependency */ = {
			isa = PBXTargetDependency;
			target = 51B890C92F0C8C57001C5459 /* Real-Debrid Extension (iOS) */;
			targetProxy = 51B890CC2F0C8C57001C5459 /* PBXContainerItemProxy */;
		};
		51B890D72F0C8C57001C5459 /* PBXTargetDependency */ = {
			isa = PBXTargetDependency;
			target = 51B890D32F0C8C57001C5459 /* Real-Debrid Extension (macOS) */;
			targetProxy = 51B890D62F0C8C57001C5459 /* PBXContainerItemProxy */;
		};
/* End PBXTargetDependency section */

/* Begin PBXVariantGroup section */
		51B8909F2F0C8C56001C5459 /* Main.html */ = {
			isa = PBXVariantGroup;
			children = (
				51B890A02F0C8C56001C5459 /* Base */,
			);
			name = Main.html;
			sourceTree = "<group>";
		};
		51B890B32F0C8C57001C5459 /* LaunchScreen.storyboard */ = {
			isa = PBXVariantGroup;
			children = (
				51B890B42F0C8C57001C5459 /* Base */,
			);
			name = LaunchScreen.storyboard;
			sourceTree = "<group>";
		};
		51B890B62F0C8C57001C5459 /* Main.storyboard */ = {
			isa = PBXVariantGroup;
			children = (
				51B890B72F0C8C57001C5459 /* Base */,
			);
			name = Main.storyboard;
			sourceTree = "<group>";
		};
		51B890C22F0C8C57001C5459 /* Main.storyboard */ = {
			isa = PBXVariantGroup;
			children = (
				51B890C32F0C8C57001C5459 /* Base */,
			);
			name = Main.storyboard;
			sourceTree = "<group>";
		};
/* End PBXVariantGroup section */

/* Begin XCBuildConfiguration section */
		51B890E82F0C8C57001C5459 /* Debug */ = {
			isa = XCBuildConfiguration;
			buildSettings = {
				ALWAYS_SEARCH_USER_PATHS = NO;
				ASSETCATALOG_COMPILER_GENERATE_SWIFT_ASSET_SYMBOL_EXTENSIONS = YES;
				CLANG_ANALYZER_NONNULL = YES;
				CLANG_ANALYZER_NUMBER_OBJECT_CONVERSION = YES_AGGRESSIVE;
				CLANG_CXX_LANGUAGE_STANDARD = "gnu++20";
				CLANG_ENABLE_MODULES = YES;
				CLANG_ENABLE_OBJC_ARC = YES;
				CLANG_ENABLE_OBJC_WEAK = YES;
				CLANG_WARN_BLOCK_CAPTURE_AUTORELEASING = YES;
				CLANG_WARN_BOOL_CONVERSION = YES;
				CLANG_WARN_COMMA = YES;
				CLANG_WARN_CONSTANT_CONVERSION = YES;
				CLANG_WARN_DEPRECATED_OBJC_IMPLEMENTATIONS = YES;
				CLANG_WARN_DIRECT_OBJC_ISA_USAGE = YES_ERROR;
				CLANG_WARN_DOCUMENTATION_COMMENTS = YES;
				CLANG_WARN_EMPTY_BODY = YES;
				CLANG_WARN_ENUM_CONVERSION = YES;
				CLANG_WARN_INFINITE_RECURSION = YES;
				CLANG_WARN_INT_CONVERSION = YES;
				CLANG_WARN_NON_LITERAL_NULL_CONVERSION = YES;
				CLANG_WARN_OBJC_IMPLICIT_RETAIN_SELF = YES;
				CLANG_WARN_OBJC_LITERAL_CONVERSION = YES;
				CLANG_WARN_OBJC_ROOT_CLASS = YES_ERROR;
				CLANG_WARN_QUOTED_INCLUDE_IN_FRAMEWORK_HEADER = YES;
				CLANG_WARN_RANGE_LOOP_ANALYSIS = YES;
				CLANG_WARN_STRICT_PROTOTYPES = YES;
				CLANG_WARN_SUSPICIOUS_MOVE = YES;
				CLANG_WARN_UNGUARDED_AVAILABILITY = YES_AGGRESSIVE;
				CLANG_WARN_UNREACHABLE_CODE = YES;
				CLANG_WARN__DUPLICATE_METHOD_MATCH = YES;
				COPY_PHASE_STRIP = NO;
				DEBUG_INFORMATION_FORMAT = dwarf;
				ENABLE_STRICT_OBJC_MSGSEND = YES;
				ENABLE_TESTABILITY = YES;
				ENABLE_USER_SCRIPT_SANDBOXING = YES;
				GCC_C_LANGUAGE_STANDARD = gnu17;
				GCC_DYNAMIC_NO_PIC = NO;
				GCC_NO_COMMON_BLOCKS = YES;
				GCC_OPTIMIZATION_LEVEL = 0;
				GCC_PREPROCESSOR_DEFINITIONS = (
					"DEBUG=1",
					"$(inherited)",
				);
				GCC_WARN_64_TO_32_BIT_CONVERSION = YES;
				GCC_WARN_ABOUT_RETURN_TYPE = YES_ERROR;
				GCC_WARN_UNDECLARED_SELECTOR = YES;
				GCC_WARN_UNINITIALIZED_AUTOS = YES_AGGRESSIVE;
				GCC_WARN_UNUSED_FUNCTION = YES;
				GCC_WARN_UNUSED_VARIABLE = YES;
				LOCALIZATION_PREFERS_STRING_CATALOGS = YES;
				MTL_ENABLE_DEBUG_INFO = INCLUDE_SOURCE;
				MTL_FAST_MATH = YES;
				ONLY_ACTIVE_ARCH = YES;
				SWIFT_ACTIVE_COMPILATION_CONDITIONS = "DEBUG $(inherited)";
				SWIFT_OPTIMIZATION_LEVEL = "-Onone";
			};
			name = Debug;
		};
		51B890E92F0C8C57001C5459 /* Release */ = {
			isa = XCBuildConfiguration;
			buildSettings = {
				ALWAYS_SEARCH_USER_PATHS = NO;
				ASSETCATALOG_COMPILER_GENERATE_SWIFT_ASSET_SYMBOL_EXTENSIONS = YES;
				CLANG_ANALYZER_NONNULL = YES;
				CLANG_ANALYZER_NUMBER_OBJECT_CONVERSION = YES_AGGRESSIVE;
				CLANG_CXX_LANGUAGE_STANDARD = "gnu++20";
				CLANG_ENABLE_MODULES = YES;
				CLANG_ENABLE_OBJC_ARC = YES;
				CLANG_ENABLE_OBJC_WEAK = YES;
				CLANG_WARN_BLOCK_CAPTURE_AUTORELEASING = YES;
				CLANG_WARN_BOOL_CONVERSION = YES;
				CLANG_WARN_COMMA = YES;
				CLANG_WARN_CONSTANT_CONVERSION = YES;
				CLANG_WARN_DEPRECATED_OBJC_IMPLEMENTATIONS = YES;
				CLANG_WARN_DIRECT_OBJC_ISA_USAGE = YES_ERROR;
				CLANG_WARN_DOCUMENTATION_COMMENTS = YES;
				CLANG_WARN_EMPTY_BODY = YES;
				CLANG_WARN_ENUM_CONVERSION = YES;
				CLANG_WARN_INFINITE_RECURSION = YES;
				CLANG_WARN_INT_CONVERSION = YES;
				CLANG_WARN_NON_LITERAL_NULL_CONVERSION = YES;
				CLANG_WARN_OBJC_IMPLICIT_RETAIN_SELF = YES;
				CLANG_WARN_OBJC_LITERAL_CONVERSION = YES;
				CLANG_WARN_OBJC_ROOT_CLASS = YES_ERROR;
				CLANG_WARN_QUOTED_INCLUDE_IN_FRAMEWORK_HEADER = YES;
				CLANG_WARN_RANGE_LOOP_ANALYSIS = YES;
				CLANG_WARN_STRICT_PROTOTYPES = YES;
				CLANG_WARN_SUSPICIOUS_MOVE = YES;
				CLANG_WARN_UNGUARDED_AVAILABILITY = YES_AGGRESSIVE;
				CLANG_WARN_UNREACHABLE_CODE = YES;
				CLANG_WARN__DUPLICATE_METHOD_MATCH = YES;
				COPY_PHASE_STRIP = NO;
				DEBUG_INFORMATION_FORMAT = "dwarf-with-dsym";
				ENABLE_NS_ASSERTIONS = NO;
				ENABLE_STRICT_OBJC_MSGSEND = YES;
				ENABLE_USER_SCRIPT_SANDBOXING = YES;
				GCC_C_LANGUAGE_STANDARD = gnu17;
				GCC_NO_COMMON_BLOCKS = YES;
				GCC_WARN_64_TO_32_BIT_CONVERSION = YES;
				GCC_WARN_ABOUT_RETURN_TYPE = YES_ERROR;
				GCC_WARN_UNDECLARED_SELECTOR = YES;
				GCC_WARN_UNINITIALIZED_AUTOS = YES_AGGRESSIVE;
				GCC_WARN_UNUSED_FUNCTION = YES;
				GCC_WARN_UNUSED_VARIABLE = YES;
				LOCALIZATION_PREFERS_STRING_CATALOGS = YES;
				MTL_ENABLE_DEBUG_INFO = NO;
				MTL_FAST_MATH = YES;
				SWIFT_COMPILATION_MODE = wholemodule;
			};
			name = Release;
		};
		51B890EB2F0C8C57001C5459 /* Debug */ = {
			isa = XCBuildConfiguration;
			buildSettings = {
				CODE_SIGN_STYLE = Automatic;
				CURRENT_PROJECT_VERSION = 1;
				DEVELOPMENT_TEAM = 7P98PG3748;
				GENERATE_INFOPLIST_FILE = YES;
				INFOPLIST_FILE = "iOS (Extension)/Info.plist";
				INFOPLIST_KEY_CFBundleDisplayName = "Real-Debrid Extension";
				INFOPLIST_KEY_NSHumanReadableCopyright = "";
				IPHONEOS_DEPLOYMENT_TARGET = 15.0;
				LD_RUNPATH_SEARCH_PATHS = (
					"$(inherited)",
					"@executable_path/Frameworks",
					"@executable_path/../../Frameworks",
				);
				MARKETING_VERSION = 1.0;
				OTHER_LDFLAGS = (
					"-framework",
					SafariServices,
				);
				PRODUCT_BUNDLE_IDENTIFIER = "com.meshal.Real-Debrid";
				PRODUCT_NAME = "Real-Debrid Extension";
				SDKROOT = iphoneos;
				SKIP_INSTALL = YES;
				STRING_CATALOG_GENERATE_SYMBOLS = YES;
				SWIFT_APPROACHABLE_CONCURRENCY = YES;
				SWIFT_EMIT_LOC_STRINGS = YES;
				SWIFT_UPCOMING_FEATURE_MEMBER_IMPORT_VISIBILITY = YES;
				SWIFT_VERSION = 5.0;
				TARGETED_DEVICE_FAMILY = "1,2";
			};
			name = Debug;
		};
		51B890EC2F0C8C57001C5459 /* Release */ = {
			isa = XCBuildConfiguration;
			buildSettings = {
				CODE_SIGN_STYLE = Automatic;
				CURRENT_PROJECT_VERSION = 1;
				DEVELOPMENT_TEAM = 7P98PG3748;
				GENERATE_INFOPLIST_FILE = YES;
				INFOPLIST_FILE = "iOS (Extension)/Info.plist";
				INFOPLIST_KEY_CFBundleDisplayName = "Real-Debrid Extension";
				INFOPLIST_KEY_NSHumanReadableCopyright = "";
				IPHONEOS_DEPLOYMENT_TARGET = 15.0;
				LD_RUNPATH_SEARCH_PATHS = (
					"$(inherited)",
					"@executable_path/Frameworks",
					"@executable_path/../../Frameworks",
				);
				MARKETING_VERSION = 1.0;
				OTHER_LDFLAGS = (
					"-framework",
					SafariServices,
				);
				PRODUCT_BUNDLE_IDENTIFIER = "com.meshal.Real-Debrid";
				PRODUCT_NAME = "Real-Debrid Extension";
				SDKROOT = iphoneos;
				SKIP_INSTALL = YES;
				STRING_CATALOG_GENERATE_SYMBOLS = YES;
				SWIFT_APPROACHABLE_CONCURRENCY = YES;
				SWIFT_EMIT_LOC_STRINGS = YES;
				SWIFT_UPCOMING_FEATURE_MEMBER_IMPORT_VISIBILITY = YES;
				SWIFT_VERSION = 5.0;
				TARGETED_DEVICE_FAMILY = "1,2";
				VALIDATE_PRODUCT = YES;
			};
			name = Release;
		};
		51B890EF2F0C8C57001C5459 /* Debug */ = {
			isa = XCBuildConfiguration;
			buildSettings = {
				ASSETCATALOG_COMPILER_APPICON_NAME = AppIcon;
				ASSETCATALOG_COMPILER_GLOBAL_ACCENT_COLOR_NAME = AccentColor;
				CODE_SIGN_STYLE = Automatic;
				CURRENT_PROJECT_VERSION = 1;
				DEVELOPMENT_TEAM = 7P98PG3748;
				GENERATE_INFOPLIST_FILE = YES;
				INFOPLIST_FILE = "iOS (App)/Info.plist";
				INFOPLIST_KEY_CFBundleDisplayName = "Real-Debrid";
				INFOPLIST_KEY_UIApplicationSupportsIndirectInputEvents = YES;
				INFOPLIST_KEY_UILaunchStoryboardName = LaunchScreen;
				INFOPLIST_KEY_UIMainStoryboardFile = Main;
				INFOPLIST_KEY_UISupportedInterfaceOrientations = "UIInterfaceOrientationPortrait UIInterfaceOrientationLandscapeLeft UIInterfaceOrientationLandscapeRight";
				INFOPLIST_KEY_UISupportedInterfaceOrientations_iPad = "UIInterfaceOrientationPortrait UIInterfaceOrientationPortraitUpsideDown UIInterfaceOrientationLandscapeLeft UIInterfaceOrientationLandscapeRight";
				IPHONEOS_DEPLOYMENT_TARGET = 15.0;
				LD_RUNPATH_SEARCH_PATHS = (
					"$(inherited)",
					"@executable_path/Frameworks",
				);
				MARKETING_VERSION = 1.0;
				OTHER_LDFLAGS = (
					"-framework",
					SafariServices,
					"-framework",
					WebKit,
				);
				PRODUCT_BUNDLE_IDENTIFIER = "com.meshal.Real-Debrid";
				PRODUCT_NAME = "Real-Debrid";
				SDKROOT = iphoneos;
				STRING_CATALOG_GENERATE_SYMBOLS = YES;
				SWIFT_APPROACHABLE_CONCURRENCY = YES;
				SWIFT_DEFAULT_ACTOR_ISOLATION = MainActor;
				SWIFT_EMIT_LOC_STRINGS = YES;
				SWIFT_UPCOMING_FEATURE_MEMBER_IMPORT_VISIBILITY = YES;
				SWIFT_VERSION = 5.0;
				TARGETED_DEVICE_FAMILY = "1,2";
			};
			name = Debug;
		};
		51B890F02F0C8C57001C5459 /* Release */ = {
			isa = XCBuildConfiguration;
			buildSettings = {
				ASSETCATALOG_COMPILER_APPICON_NAME = AppIcon;
				ASSETCATALOG_COMPILER_GLOBAL_ACCENT_COLOR_NAME = AccentColor;
				CODE_SIGN_STYLE = Automatic;
				CURRENT_PROJECT_VERSION = 1;
				DEVELOPMENT_TEAM = 7P98PG3748;
				GENERATE_INFOPLIST_FILE = YES;
				INFOPLIST_FILE = "iOS (App)/Info.plist";
				INFOPLIST_KEY_CFBundleDisplayName = "Real-Debrid";
				INFOPLIST_KEY_UIApplicationSupportsIndirectInputEvents = YES;
				INFOPLIST_KEY_UILaunchStoryboardName = LaunchScreen;
				INFOPLIST_KEY_UIMainStoryboardFile = Main;
				INFOPLIST_KEY_UISupportedInterfaceOrientations = "UIInterfaceOrientationPortrait UIInterfaceOrientationLandscapeLeft UIInterfaceOrientationLandscapeRight";
				INFOPLIST_KEY_UISupportedInterfaceOrientations_iPad = "UIInterfaceOrientationPortrait UIInterfaceOrientationPortraitUpsideDown UIInterfaceOrientationLandscapeLeft UIInterfaceOrientationLandscapeRight";
				IPHONEOS_DEPLOYMENT_TARGET = 15.0;
				LD_RUNPATH_SEARCH_PATHS = (
					"$(inherited)",
					"@executable_path/Frameworks",
				);
				MARKETING_VERSION = 1.0;
				OTHER_LDFLAGS = (
					"-framework",
					SafariServices,
					"-framework",
					WebKit,
				);
				PRODUCT_BUNDLE_IDENTIFIER = "com.meshal.Real-Debrid";
				PRODUCT_NAME = "Real-Debrid";
				SDKROOT = iphoneos;
				STRING_CATALOG_GENERATE_SYMBOLS = YES;
				SWIFT_APPROACHABLE_CONCURRENCY = YES;
				SWIFT_DEFAULT_ACTOR_ISOLATION = MainActor;
				SWIFT_EMIT_LOC_STRINGS = YES;
				SWIFT_UPCOMING_FEATURE_MEMBER_IMPORT_VISIBILITY = YES;
				SWIFT_VERSION = 5.0;
				TARGETED_DEVICE_FAMILY = "1,2";
				VALIDATE_PRODUCT = YES;
			};
			name = Release;
		};
		51B890F22F0C8C57001C5459 /* Debug */ = {
			isa = XCBuildConfiguration;
			buildSettings = {
				CODE_SIGN_STYLE = Automatic;
				CURRENT_PROJECT_VERSION = 1;
				DEVELOPMENT_TEAM = 7P98PG3748;
				ENABLE_APP_SANDBOX = YES;
				ENABLE_HARDENED_RUNTIME = YES;
				ENABLE_USER_SELECTED_FILES = readonly;
				GENERATE_INFOPLIST_FILE = YES;
				INFOPLIST_FILE = "macOS (Extension)/Info.plist";
				INFOPLIST_KEY_CFBundleDisplayName = "Real-Debrid Extension";
				INFOPLIST_KEY_NSHumanReadableCopyright = "";
				LD_RUNPATH_SEARCH_PATHS = (
					"$(inherited)",
					"@executable_path/../Frameworks",
					"@executable_path/../../../../Frameworks",
				);
				MACOSX_DEPLOYMENT_TARGET = 10.14;
				MARKETING_VERSION = 1.0;
				OTHER_LDFLAGS = (
					"-framework",
					SafariServices,
				);
				PRODUCT_BUNDLE_IDENTIFIER = "com.meshal.Real-Debrid.Extension";
				PRODUCT_NAME = "Real-Debrid Extension";
				SDKROOT = macosx;
				SKIP_INSTALL = YES;
				STRING_CATALOG_GENERATE_SYMBOLS = YES;
				SWIFT_APPROACHABLE_CONCURRENCY = YES;
				SWIFT_EMIT_LOC_STRINGS = YES;
				SWIFT_UPCOMING_FEATURE_MEMBER_IMPORT_VISIBILITY = YES;
				SWIFT_VERSION = 5.0;
			};
			name = Debug;
		};
		51B890F32F0C8C57001C5459 /* Release */ = {
			isa = XCBuildConfiguration;
			buildSettings = {
				CODE_SIGN_STYLE = Automatic;
				CURRENT_PROJECT_VERSION = 1;
				DEVELOPMENT_TEAM = 7P98PG3748;
				ENABLE_APP_SANDBOX = YES;
				ENABLE_HARDENED_RUNTIME = YES;
				ENABLE_USER_SELECTED_FILES = readonly;
				GENERATE_INFOPLIST_FILE = YES;
				INFOPLIST_FILE = "macOS (Extension)/Info.plist";
				INFOPLIST_KEY_CFBundleDisplayName = "Real-Debrid Extension";
				INFOPLIST_KEY_NSHumanReadableCopyright = "";
				LD_RUNPATH_SEARCH_PATHS = (
					"$(inherited)",
					"@executable_path/../Frameworks",
					"@executable_path/../../../../Frameworks",
				);
				MACOSX_DEPLOYMENT_TARGET = 10.14;
				MARKETING_VERSION = 1.0;
				OTHER_LDFLAGS = (
					"-framework",
					SafariServices,
				);
				PRODUCT_BUNDLE_IDENTIFIER = "com.meshal.Real-Debrid.Extension";
				PRODUCT_NAME = "Real-Debrid Extension";
				SDKROOT = macosx;
				SKIP_INSTALL = YES;
				STRING_CATALOG_GENERATE_SYMBOLS = YES;
				SWIFT_APPROACHABLE_CONCURRENCY = YES;
				SWIFT_EMIT_LOC_STRINGS = YES;
				SWIFT_UPCOMING_FEATURE_MEMBER_IMPORT_VISIBILITY = YES;
				SWIFT_VERSION = 5.0;
			};
			name = Release;
		};
		51B890F62F0C8C57001C5459 /* Debug */ = {
			isa = XCBuildConfiguration;
			buildSettings = {
				ASSETCATALOG_COMPILER_APPICON_NAME = AppIcon;
				ASSETCATALOG_COMPILER_GLOBAL_ACCENT_COLOR_NAME = AccentColor;
				"CODE_SIGN_IDENTITY[sdk=macosx*]" = "Apple Development";
				CODE_SIGN_STYLE = Automatic;
				CURRENT_PROJECT_VERSION = 1;
				DEVELOPMENT_TEAM = 7P98PG3748;
				ENABLE_APP_SANDBOX = YES;
				ENABLE_HARDENED_RUNTIME = YES;
				ENABLE_OUTGOING_NETWORK_CONNECTIONS = YES;
				ENABLE_USER_SELECTED_FILES = readonly;
				GENERATE_INFOPLIST_FILE = YES;
				INFOPLIST_FILE = "macOS (App)/Info.plist";
				INFOPLIST_KEY_CFBundleDisplayName = "Real-Debrid";
				INFOPLIST_KEY_NSMainStoryboardFile = Main;
				INFOPLIST_KEY_NSPrincipalClass = NSApplication;
				LD_RUNPATH_SEARCH_PATHS = (
					"$(inherited)",
					"@executable_path/../Frameworks",
				);
				MACOSX_DEPLOYMENT_TARGET = 10.14;
				MARKETING_VERSION = 1.0;
				OTHER_LDFLAGS = (
					"-framework",
					SafariServices,
					"-framework",
					WebKit,
				);
				PRODUCT_BUNDLE_IDENTIFIER = "com.meshal.Real-Debrid";
				PRODUCT_NAME = "Real-Debrid";
				REGISTER_APP_GROUPS = YES;
				SDKROOT = macosx;
				STRING_CATALOG_GENERATE_SYMBOLS = YES;
				SWIFT_APPROACHABLE_CONCURRENCY = YES;
				SWIFT_DEFAULT_ACTOR_ISOLATION = MainActor;
				SWIFT_EMIT_LOC_STRINGS = YES;
				SWIFT_UPCOMING_FEATURE_MEMBER_IMPORT_VISIBILITY = YES;
				SWIFT_VERSION = 5.0;
			};
			name = Debug;
		};
		51B890F72F0C8C57001C5459 /* Release */ = {
			isa = XCBuildConfiguration;
			buildSettings = {
				ASSETCATALOG_COMPILER_APPICON_NAME = AppIcon;
				ASSETCATALOG_COMPILER_GLOBAL_ACCENT_COLOR_NAME = AccentColor;
				"CODE_SIGN_IDENTITY[sdk=macosx*]" = "Apple Development";
				CODE_SIGN_STYLE = Automatic;
				CURRENT_PROJECT_VERSION = 1;
				DEVELOPMENT_TEAM = 7P98PG3748;
				ENABLE_APP_SANDBOX = YES;
				ENABLE_HARDENED_RUNTIME = YES;
				ENABLE_OUTGOING_NETWORK_CONNECTIONS = YES;
				ENABLE_USER_SELECTED_FILES = readonly;
				GENERATE_INFOPLIST_FILE = YES;
				INFOPLIST_FILE = "macOS (App)/Info.plist";
				INFOPLIST_KEY_CFBundleDisplayName = "Real-Debrid";
				INFOPLIST_KEY_NSMainStoryboardFile = Main;
				INFOPLIST_KEY_NSPrincipalClass = NSApplication;
				LD_RUNPATH_SEARCH_PATHS = (
					"$(inherited)",
					"@executable_path/../Frameworks",
				);
				MACOSX_DEPLOYMENT_TARGET = 10.14;
				MARKETING_VERSION = 1.0;
				OTHER_LDFLAGS = (
					"-framework",
					SafariServices,
					"-framework",
					WebKit,
				);
				PRODUCT_BUNDLE_IDENTIFIER = "com.meshal.Real-Debrid";
				PRODUCT_NAME = "Real-Debrid";
				REGISTER_APP_GROUPS = YES;
				SDKROOT = macosx;
				STRING_CATALOG_GENERATE_SYMBOLS = YES;
				SWIFT_APPROACHABLE_CONCURRENCY = YES;
				SWIFT_DEFAULT_ACTOR_ISOLATION = MainActor;
				SWIFT_EMIT_LOC_STRINGS = YES;
				SWIFT_UPCOMING_FEATURE_MEMBER_IMPORT_VISIBILITY = YES;
				SWIFT_VERSION = 5.0;
			};
			name = Release;
		};
/* End XCBuildConfiguration section */

/* Begin XCConfigurationList section */
		51B8909C2F0C8C56001C5459 /* Build configuration list for PBXProject "Real-Debrid" */ = {
			isa = XCConfigurationList;
			buildConfigurations = (
				51B890E82F0C8C57001C5459 /* Debug */,
				51B890E92F0C8C57001C5459 /* Release */,
			);
			defaultConfigurationIsVisible = 0;
			defaultConfigurationName = Release;
		};
		51B890EA2F0C8C57001C5459 /* Build configuration list for PBXNativeTarget "Real-Debrid Extension (iOS)" */ = {
			isa = XCConfigurationList;
			buildConfigurations = (
				51B890EB2F0C8C57001C5459 /* Debug */,
				51B890EC2F0C8C57001C5459 /* Release */,
			);
			defaultConfigurationIsVisible = 0;
			defaultConfigurationName = Release;
		};
		51B890EE2F0C8C57001C5459 /* Build configuration list for PBXNativeTarget "Real-Debrid (iOS)" */ = {
			isa = XCConfigurationList;
			buildConfigurations = (
				51B890EF2F0C8C57001C5459 /* Debug */,
				51B890F02F0C8C57001C5459 /* Release */,
			);
			defaultConfigurationIsVisible = 0;
			defaultConfigurationName = Release;
		};
		51B890F12F0C8C57001C5459 /* Build configuration list for PBXNativeTarget "Real-Debrid Extension (macOS)" */ = {
			isa = XCConfigurationList;
			buildConfigurations = (
				51B890F22F0C8C57001C5459 /* Debug */,
				51B890F32F0C8C57001C5459 /* Release */,
			);
			defaultConfigurationIsVisible = 0;
			defaultConfigurationName = Release;
		};
		51B890F52F0C8C57001C5459 /* Build configuration list for PBXNativeTarget "Real-Debrid (macOS)" */ = {
			isa = XCConfigurationList;
			buildConfigurations = (
				51B890F62F0C8C57001C5459 /* Debug */,
				51B890F72F0C8C57001C5459 /* Release */,
			);
			defaultConfigurationIsVisible = 0;
			defaultConfigurationName = Release;
		};
/* End XCConfigurationList section */
	};
	rootObject = 51B890992F0C8C56001C5459 /* Project object */;
}
